// !$*UTF8*$!
{
	archiveVersion = 1;
	classes = {
	};
	objectVersion = 50;
	objects = {

/* Begin PBXBuildFile section */
		24272838AE8B9FB846BD315B /* Pods_exarea.framework in Frameworks */ = {isa = PBXBuildFile; fileRef = 9C7E6D336257AC577BB97EAB /* Pods_exarea.framework */; };
		341247BF21E5E75B00A34154 /* UITextField+Shake.m in Sources */ = {isa = PBXBuildFile; fileRef = 341247BE21E5E75B00A34154 /* UITextField+Shake.m */; };
		341247C421E6250C00A34154 /* UITextField+fixCaretPosition.swift in Sources */ = {isa = PBXBuildFile; fileRef = 341247C121E6250A00A34154 /* UITextField+fixCaretPosition.swift */; };
		341247C521E6250C00A34154 /* SkyFloatingLabelTextField.swift in Sources */ = {isa = PBXBuildFile; fileRef = 341247C221E6250B00A34154 /* SkyFloatingLabelTextField.swift */; };
		341247C621E6250C00A34154 /* SkyFloatingLabelTextFieldWithIcon.swift in Sources */ = {isa = PBXBuildFile; fileRef = 341247C321E6250B00A34154 /* SkyFloatingLabelTextFieldWithIcon.swift */; };
		341247CC21E6271700A34154 /* Account.swift in Sources */ = {isa = PBXBuildFile; fileRef = 341247CB21E6271700A34154 /* Account.swift */; };
		341247CE21E6287400A34154 /* Networking.swift in Sources */ = {isa = PBXBuildFile; fileRef = 341247CD21E6287400A34154 /* Networking.swift */; };
		341247D021E6288900A34154 /* Configurations.swift in Sources */ = {isa = PBXBuildFile; fileRef = 341247CF21E6288900A34154 /* Configurations.swift */; };
		341247D321E629FF00A34154 /* JSONSerializable.swift in Sources */ = {isa = PBXBuildFile; fileRef = 341247D221E629FF00A34154 /* JSONSerializable.swift */; };
		341247D521E62A7400A34154 /* CustomJSONKey.swift in Sources */ = {isa = PBXBuildFile; fileRef = 341247D421E62A7400A34154 /* CustomJSONKey.swift */; };
		346C8410215B59BA00F43F8C /* Main.storyboard in Resources */ = {isa = PBXBuildFile; fileRef = 346C840F215B59BA00F43F8C /* Main.storyboard */; };
		346C8412215B614900F43F8C /* FavoritesViewController.swift in Sources */ = {isa = PBXBuildFile; fileRef = 346C8411215B614900F43F8C /* FavoritesViewController.swift */; };
		346C8414215B61E300F43F8C /* PaginationManager.swift in Sources */ = {isa = PBXBuildFile; fileRef = 346C8413215B61E300F43F8C /* PaginationManager.swift */; };
		34E310D8215B1A1900C3E68E /* AppDelegate.swift in Sources */ = {isa = PBXBuildFile; fileRef = 34E310D7215B1A1900C3E68E /* AppDelegate.swift */; };
		34E310DA215B1A1900C3E68E /* LoginViewController.swift in Sources */ = {isa = PBXBuildFile; fileRef = 34E310D9215B1A1900C3E68E /* LoginViewController.swift */; };
		34E310DD215B1A1900C3E68E /* Login.storyboard in Resources */ = {isa = PBXBuildFile; fileRef = 34E310DB215B1A1900C3E68E /* Login.storyboard */; };
		34E310DF215B1A1B00C3E68E /* Assets.xcassets in Resources */ = {isa = PBXBuildFile; fileRef = 34E310DE215B1A1B00C3E68E /* Assets.xcassets */; };
		34E310E2215B1A1B00C3E68E /* LaunchScreen.storyboard in Resources */ = {isa = PBXBuildFile; fileRef = 34E310E0215B1A1B00C3E68E /* LaunchScreen.storyboard */; };
		34E310EB215B1D3A00C3E68E /* Segoe UI.ttf in Resources */ = {isa = PBXBuildFile; fileRef = 34E310EA215B1D3A00C3E68E /* Segoe UI.ttf */; };
		34E310ED215B1E9200C3E68E /* Segoe UI Bold.ttf in Resources */ = {isa = PBXBuildFile; fileRef = 34E310EC215B1E9200C3E68E /* Segoe UI Bold.ttf */; };
		34E310EF215B1F2300C3E68E /* IRANSans.ttf in Resources */ = {isa = PBXBuildFile; fileRef = 34E310EE215B1F2300C3E68E /* IRANSans.ttf */; };
		34E310F2215B348F00C3E68E /* Extensions.swift in Sources */ = {isa = PBXBuildFile; fileRef = 34E310F1215B348F00C3E68E /* Extensions.swift */; };
/* End PBXBuildFile section */

/* Begin PBXFileReference section */
		341247BC21E5E75900A34154 /* exarea-Bridging-Header.h */ = {isa = PBXFileReference; lastKnownFileType = sourcecode.c.h; name = "exarea-Bridging-Header.h"; path = "../exarea-Bridging-Header.h"; sourceTree = "<group>"; };
		341247BD21E5E75B00A34154 /* UITextField+Shake.h */ = {isa = PBXFileReference; fileEncoding = 4; lastKnownFileType = sourcecode.c.h; path = "UITextField+Shake.h"; sourceTree = "<group>"; };
		341247BE21E5E75B00A34154 /* UITextField+Shake.m */ = {isa = PBXFileReference; fileEncoding = 4; lastKnownFileType = sourcecode.c.objc; path = "UITextField+Shake.m"; sourceTree = "<group>"; };
		341247C121E6250A00A34154 /* UITextField+fixCaretPosition.swift */ = {isa = PBXFileReference; lastKnownFileType = sourcecode.swift; path = "UITextField+fixCaretPosition.swift"; sourceTree = "<group>"; };
		341247C221E6250B00A34154 /* SkyFloatingLabelTextField.swift */ = {isa = PBXFileReference; lastKnownFileType = sourcecode.swift; path = SkyFloatingLabelTextField.swift; sourceTree = "<group>"; };
		341247C321E6250B00A34154 /* SkyFloatingLabelTextFieldWithIcon.swift */ = {isa = PBXFileReference; lastKnownFileType = sourcecode.swift; path = SkyFloatingLabelTextFieldWithIcon.swift; sourceTree = "<group>"; };
		341247CB21E6271700A34154 /* Account.swift */ = {isa = PBXFileReference; lastKnownFileType = sourcecode.swift; path = Account.swift; sourceTree = "<group>"; };
		341247CD21E6287400A34154 /* Networking.swift */ = {isa = PBXFileReference; lastKnownFileType = sourcecode.swift; path = Networking.swift; sourceTree = "<group>"; };
		341247CF21E6288900A34154 /* Configurations.swift */ = {isa = PBXFileReference; lastKnownFileType = sourcecode.swift; path = Configurations.swift; sourceTree = "<group>"; };
		341247D221E629FF00A34154 /* JSONSerializable.swift */ = {isa = PBXFileReference; fileEncoding = 4; lastKnownFileType = sourcecode.swift; path = JSONSerializable.swift; sourceTree = "<group>"; };
		341247D421E62A7400A34154 /* CustomJSONKey.swift */ = {isa = PBXFileReference; fileEncoding = 4; lastKnownFileType = sourcecode.swift; path = CustomJSONKey.swift; sourceTree = "<group>"; };
		346C840F215B59BA00F43F8C /* Main.storyboard */ = {isa = PBXFileReference; lastKnownFileType = file.storyboard; path = Main.storyboard; sourceTree = "<group>"; };
		346C8411215B614900F43F8C /* FavoritesViewController.swift */ = {isa = PBXFileReference; lastKnownFileType = sourcecode.swift; path = FavoritesViewController.swift; sourceTree = "<group>"; };
		346C8413215B61E300F43F8C /* PaginationManager.swift */ = {isa = PBXFileReference; fileEncoding = 4; lastKnownFileType = sourcecode.swift; path = PaginationManager.swift; sourceTree = "<group>"; };
		34E310D4215B1A1900C3E68E /* exarea.app */ = {isa = PBXFileReference; explicitFileType = wrapper.application; includeInIndex = 0; path = exarea.app; sourceTree = BUILT_PRODUCTS_DIR; };
		34E310D7215B1A1900C3E68E /* AppDelegate.swift */ = {isa = PBXFileReference; lastKnownFileType = sourcecode.swift; path = AppDelegate.swift; sourceTree = "<group>"; };
		34E310D9215B1A1900C3E68E /* LoginViewController.swift */ = {isa = PBXFileReference; lastKnownFileType = sourcecode.swift; path = LoginViewController.swift; sourceTree = "<group>"; };
		34E310DC215B1A1900C3E68E /* Base */ = {isa = PBXFileReference; lastKnownFileType = file.storyboard; name = Base; path = Base.lproj/Login.storyboard; sourceTree = "<group>"; };
		34E310DE215B1A1B00C3E68E /* Assets.xcassets */ = {isa = PBXFileReference; lastKnownFileType = folder.assetcatalog; path = Assets.xcassets; sourceTree = "<group>"; };
		34E310E1215B1A1B00C3E68E /* Base */ = {isa = PBXFileReference; lastKnownFileType = file.storyboard; name = Base; path = Base.lproj/LaunchScreen.storyboard; sourceTree = "<group>"; };
		34E310E3215B1A1B00C3E68E /* Info.plist */ = {isa = PBXFileReference; lastKnownFileType = text.plist.xml; path = Info.plist; sourceTree = "<group>"; };
		34E310EA215B1D3A00C3E68E /* Segoe UI.ttf */ = {isa = PBXFileReference; lastKnownFileType = file; path = "Segoe UI.ttf"; sourceTree = "<group>"; };
		34E310EC215B1E9200C3E68E /* Segoe UI Bold.ttf */ = {isa = PBXFileReference; lastKnownFileType = file; path = "Segoe UI Bold.ttf"; sourceTree = "<group>"; };
		34E310EE215B1F2300C3E68E /* IRANSans.ttf */ = {isa = PBXFileReference; lastKnownFileType = file; path = IRANSans.ttf; sourceTree = "<group>"; };
		34E310F0215B1F3400C3E68E /* IRANSans_Bold.ttf */ = {isa = PBXFileReference; lastKnownFileType = file; path = IRANSans_Bold.ttf; sourceTree = "<group>"; };
		34E310F1215B348F00C3E68E /* Extensions.swift */ = {isa = PBXFileReference; lastKnownFileType = sourcecode.swift; path = Extensions.swift; sourceTree = "<group>"; };
		379F1EA477EF34FCD7F3AC36 /* Pods-exarea.debug.xcconfig */ = {isa = PBXFileReference; includeInIndex = 1; lastKnownFileType = text.xcconfig; name = "Pods-exarea.debug.xcconfig"; path = "Pods/Target Support Files/Pods-exarea/Pods-exarea.debug.xcconfig"; sourceTree = "<group>"; };
		9C7E6D336257AC577BB97EAB /* Pods_exarea.framework */ = {isa = PBXFileReference; explicitFileType = wrapper.framework; includeInIndex = 0; path = Pods_exarea.framework; sourceTree = BUILT_PRODUCTS_DIR; };
		AC81AFB9D035D9F7E82D3B21 /* Pods-exarea.release.xcconfig */ = {isa = PBXFileReference; includeInIndex = 1; lastKnownFileType = text.xcconfig; name = "Pods-exarea.release.xcconfig"; path = "Pods/Target Support Files/Pods-exarea/Pods-exarea.release.xcconfig"; sourceTree = "<group>"; };
/* End PBXFileReference section */

/* Begin PBXFrameworksBuildPhase section */
		34E310D1215B1A1900C3E68E /* Frameworks */ = {
			isa = PBXFrameworksBuildPhase;
			buildActionMask = 2147483647;
			files = (
				24272838AE8B9FB846BD315B /* Pods_exarea.framework in Frameworks */,
			);
			runOnlyForDeploymentPostprocessing = 0;
		};
/* End PBXFrameworksBuildPhase section */

/* Begin PBXGroup section */
		107EE55AF171766D6C0B1C77 /* Pods */ = {
			isa = PBXGroup;
			children = (
				379F1EA477EF34FCD7F3AC36 /* Pods-exarea.debug.xcconfig */,
				AC81AFB9D035D9F7E82D3B21 /* Pods-exarea.release.xcconfig */,
			);
			name = Pods;
			sourceTree = "<group>";
		};
		341247C021E5E76300A34154 /* UITextField+Shake */ = {
			isa = PBXGroup;
			children = (
				341247BD21E5E75B00A34154 /* UITextField+Shake.h */,
				341247BE21E5E75B00A34154 /* UITextField+Shake.m */,
			);
			path = "UITextField+Shake";
			sourceTree = "<group>";
		};
		341247C721E6254600A34154 /* SkyFloatingLabelTextField */ = {
			isa = PBXGroup;
			children = (
				341247C221E6250B00A34154 /* SkyFloatingLabelTextField.swift */,
				341247C321E6250B00A34154 /* SkyFloatingLabelTextFieldWithIcon.swift */,
				341247C121E6250A00A34154 /* UITextField+fixCaretPosition.swift */,
			);
			path = SkyFloatingLabelTextField;
			sourceTree = "<group>";
		};
		341247C821E6257200A34154 /* Helpers */ = {
			isa = PBXGroup;
			children = (
				341247D421E62A7400A34154 /* CustomJSONKey.swift */,
				341247D221E629FF00A34154 /* JSONSerializable.swift */,
				341247CD21E6287400A34154 /* Networking.swift */,
				341247CF21E6288900A34154 /* Configurations.swift */,
				34E310F1215B348F00C3E68E /* Extensions.swift */,
				346C8413215B61E300F43F8C /* PaginationManager.swift */,
				341247C721E6254600A34154 /* SkyFloatingLabelTextField */,
				341247C021E5E76300A34154 /* UITextField+Shake */,
			);
			path = Helpers;
			sourceTree = "<group>";
		};
		341247C921E626E800A34154 /* View */ = {
			isa = PBXGroup;
			children = (
				34E310DB215B1A1900C3E68E /* Login.storyboard */,
				346C840F215B59BA00F43F8C /* Main.storyboard */,
				34E310E0215B1A1B00C3E68E /* LaunchScreen.storyboard */,
			);
			path = View;
			sourceTree = "<group>";
		};
		341247CA21E626F900A34154 /* Controller */ = {
			isa = PBXGroup;
			children = (
				34E310D9215B1A1900C3E68E /* LoginViewController.swift */,
				346C8411215B614900F43F8C /* FavoritesViewController.swift */,
			);
			path = Controller;
			sourceTree = "<group>";
		};
		341247D121E629C300A34154 /* Model */ = {
			isa = PBXGroup;
			children = (
				341247CB21E6271700A34154 /* Account.swift */,
			);
			path = Model;
			sourceTree = "<group>";
		};
		34E310CB215B1A1900C3E68E = {
			isa = PBXGroup;
			children = (
				34E310D6215B1A1900C3E68E /* exarea */,
				34E310D5215B1A1900C3E68E /* Products */,
				107EE55AF171766D6C0B1C77 /* Pods */,
				51A5E977942057F5A1EC48C8 /* Frameworks */,
			);
			sourceTree = "<group>";
		};
		34E310D5215B1A1900C3E68E /* Products */ = {
			isa = PBXGroup;
			children = (
				34E310D4215B1A1900C3E68E /* exarea.app */,
			);
			name = Products;
			sourceTree = "<group>";
		};
		34E310D6215B1A1900C3E68E /* exarea */ = {
			isa = PBXGroup;
			children = (
				34E310E3215B1A1B00C3E68E /* Info.plist */,
				34E310E9215B1D1800C3E68E /* Resources */,
				341247C821E6257200A34154 /* Helpers */,
				341247D121E629C300A34154 /* Model */,
				341247CA21E626F900A34154 /* Controller */,
				341247C921E626E800A34154 /* View */,
			);
			path = exarea;
			sourceTree = "<group>";
		};
		34E310E9215B1D1800C3E68E /* Resources */ = {
			isa = PBXGroup;
			children = (
				34E310D7215B1A1900C3E68E /* AppDelegate.swift */,
				341247BC21E5E75900A34154 /* exarea-Bridging-Header.h */,
				34E310EC215B1E9200C3E68E /* Segoe UI Bold.ttf */,
				34E310EA215B1D3A00C3E68E /* Segoe UI.ttf */,
				34E310F0215B1F3400C3E68E /* IRANSans_Bold.ttf */,
				34E310EE215B1F2300C3E68E /* IRANSans.ttf */,
				34E310DE215B1A1B00C3E68E /* Assets.xcassets */,
			);
			path = Resources;
			sourceTree = "<group>";
		};
		51A5E977942057F5A1EC48C8 /* Frameworks */ = {
			isa = PBXGroup;
			children = (
				9C7E6D336257AC577BB97EAB /* Pods_exarea.framework */,
			);
			name = Frameworks;
			sourceTree = "<group>";
		};
/* End PBXGroup section */

/* Begin PBXNativeTarget section */
		34E310D3215B1A1900C3E68E /* exarea */ = {
			isa = PBXNativeTarget;
			buildConfigurationList = 34E310E6215B1A1B00C3E68E /* Build configuration list for PBXNativeTarget "exarea" */;
			buildPhases = (
				14552926F9C19E07C9871BF4 /* [CP] Check Pods Manifest.lock */,
				34E310D0215B1A1900C3E68E /* Sources */,
				34E310D1215B1A1900C3E68E /* Frameworks */,
				34E310D2215B1A1900C3E68E /* Resources */,
				B099EA2E5CBAB35B6CE615E4 /* [CP] Embed Pods Frameworks */,
			);
			buildRules = (
			);
			dependencies = (
			);
			name = exarea;
			productName = exarea;
			productReference = 34E310D4215B1A1900C3E68E /* exarea.app */;
			productType = "com.apple.product-type.application";
		};
/* End PBXNativeTarget section */

/* Begin PBXProject section */
		34E310CC215B1A1900C3E68E /* Project object */ = {
			isa = PBXProject;
			attributes = {
				LastSwiftUpdateCheck = 1000;
				LastUpgradeCheck = 1000;
				ORGANIZATIONNAME = tamtom;
				TargetAttributes = {
					34E310D3215B1A1900C3E68E = {
						CreatedOnToolsVersion = 10.0;
						LastSwiftMigration = 1010;
					};
				};
			};
			buildConfigurationList = 34E310CF215B1A1900C3E68E /* Build configuration list for PBXProject "exarea" */;
			compatibilityVersion = "Xcode 9.3";
			developmentRegion = en;
			hasScannedForEncodings = 0;
			knownRegions = (
				en,
				Base,
			);
			mainGroup = 34E310CB215B1A1900C3E68E;
			productRefGroup = 34E310D5215B1A1900C3E68E /* Products */;
			projectDirPath = "";
			projectRoot = "";
			targets = (
				34E310D3215B1A1900C3E68E /* exarea */,
			);
		};
/* End PBXProject section */

/* Begin PBXResourcesBuildPhase section */
		34E310D2215B1A1900C3E68E /* Resources */ = {
			isa = PBXResourcesBuildPhase;
			buildActionMask = 2147483647;
			files = (
				346C8410215B59BA00F43F8C /* Main.storyboard in Resources */,
				34E310E2215B1A1B00C3E68E /* LaunchScreen.storyboard in Resources */,
				34E310ED215B1E9200C3E68E /* Segoe UI Bold.ttf in Resources */,
				34E310EB215B1D3A00C3E68E /* Segoe UI.ttf in Resources */,
				34E310DF215B1A1B00C3E68E /* Assets.xcassets in Resources */,
				34E310DD215B1A1900C3E68E /* Login.storyboard in Resources */,
				34E310EF215B1F2300C3E68E /* IRANSans.ttf in Resources */,
			);
			runOnlyForDeploymentPostprocessing = 0;
		};
/* End PBXResourcesBuildPhase section */

/* Begin PBXShellScriptBuildPhase section */
		14552926F9C19E07C9871BF4 /* [CP] Check Pods Manifest.lock */ = {
			isa = PBXShellScriptBuildPhase;
			buildActionMask = 2147483647;
			files = (
			);
			inputFileListPaths = (
			);
			inputPaths = (
				"${PODS_PODFILE_DIR_PATH}/Podfile.lock",
				"${PODS_ROOT}/Manifest.lock",
			);
			name = "[CP] Check Pods Manifest.lock";
			outputFileListPaths = (
			);
			outputPaths = (
				"$(DERIVED_FILE_DIR)/Pods-exarea-checkManifestLockResult.txt",
			);
			runOnlyForDeploymentPostprocessing = 0;
			shellPath = /bin/sh;
			shellScript = "diff \"${PODS_PODFILE_DIR_PATH}/Podfile.lock\" \"${PODS_ROOT}/Manifest.lock\" > /dev/null\nif [ $? != 0 ] ; then\n    # print error to STDERR\n    echo \"error: The sandbox is not in sync with the Podfile.lock. Run 'pod install' or update your CocoaPods installation.\" >&2\n    exit 1\nfi\n# This output is used by Xcode 'outputs' to avoid re-running this script phase.\necho \"SUCCESS\" > \"${SCRIPT_OUTPUT_FILE_0}\"\n";
			showEnvVarsInLog = 0;
		};
		B099EA2E5CBAB35B6CE615E4 /* [CP] Embed Pods Frameworks */ = {
			isa = PBXShellScriptBuildPhase;
			buildActionMask = 2147483647;
			files = (
			);
			inputFileListPaths = (
			);
			inputPaths = (
				"${SRCROOT}/Pods/Target Support Files/Pods-exarea/Pods-exarea-frameworks.sh",
				"${BUILT_PRODUCTS_DIR}/Alamofire/Alamofire.framework",
				"${BUILT_PRODUCTS_DIR}/SwiftyJSON/SwiftyJSON.framework",
			);
			name = "[CP] Embed Pods Frameworks";
			outputFileListPaths = (
			);
			outputPaths = (
				"${TARGET_BUILD_DIR}/${FRAMEWORKS_FOLDER_PATH}/Alamofire.framework",
				"${TARGET_BUILD_DIR}/${FRAMEWORKS_FOLDER_PATH}/SwiftyJSON.framework",
			);
			runOnlyForDeploymentPostprocessing = 0;
			shellPath = /bin/sh;
			shellScript = "\"${SRCROOT}/Pods/Target Support Files/Pods-exarea/Pods-exarea-frameworks.sh\"\n";
			showEnvVarsInLog = 0;
		};
/* End PBXShellScriptBuildPhase section */

/* Begin PBXSourcesBuildPhase section */
		34E310D0215B1A1900C3E68E /* Sources */ = {
			isa = PBXSourcesBuildPhase;
			buildActionMask = 2147483647;
			files = (
				341247C421E6250C00A34154 /* UITextField+fixCaretPosition.swift in Sources */,
				341247CE21E6287400A34154 /* Networking.swift in Sources */,
				341247D021E6288900A34154 /* Configurations.swift in Sources */,
				341247C621E6250C00A34154 /* SkyFloatingLabelTextFieldWithIcon.swift in Sources */,
				34E310DA215B1A1900C3E68E /* LoginViewController.swift in Sources */,
				34E310F2215B348F00C3E68E /* Extensions.swift in Sources */,
				341247BF21E5E75B00A34154 /* UITextField+Shake.m in Sources */,
				341247D321E629FF00A34154 /* JSONSerializable.swift in Sources */,
				346C8414215B61E300F43F8C /* PaginationManager.swift in Sources */,
				346C8412215B614900F43F8C /* FavoritesViewController.swift in Sources */,
				341247C521E6250C00A34154 /* SkyFloatingLabelTextField.swift in Sources */,
				341247CC21E6271700A34154 /* Account.swift in Sources */,
				341247D521E62A7400A34154 /* CustomJSONKey.swift in Sources */,
				34E310D8215B1A1900C3E68E /* AppDelegate.swift in Sources */,
			);
			runOnlyForDeploymentPostprocessing = 0;
		};
/* End PBXSourcesBuildPhase section */

/* Begin PBXVariantGroup section */
		34E310DB215B1A1900C3E68E /* Login.storyboard */ = {
			isa = PBXVariantGroup;
			children = (
				34E310DC215B1A1900C3E68E /* Base */,
			);
			name = Login.storyboard;
			sourceTree = "<group>";
		};
		34E310E0215B1A1B00C3E68E /* LaunchScreen.storyboard */ = {
			isa = PBXVariantGroup;
			children = (
				34E310E1215B1A1B00C3E68E /* Base */,
			);
			name = LaunchScreen.storyboard;
			sourceTree = "<group>";
		};
/* End PBXVariantGroup section */

/* Begin XCBuildConfiguration section */
		34E310E4215B1A1B00C3E68E /* Debug */ = {
			isa = XCBuildConfiguration;
			buildSettings = {
				ALWAYS_SEARCH_USER_PATHS = NO;
				CLANG_ANALYZER_NONNULL = YES;
				CLANG_ANALYZER_NUMBER_OBJECT_CONVERSION = YES_AGGRESSIVE;
				CLANG_CXX_LANGUAGE_STANDARD = "gnu++14";
				CLANG_CXX_LIBRARY = "libc++";
				CLANG_ENABLE_MODULES = YES;
				CLANG_ENABLE_OBJC_ARC = YES;
				CLANG_ENABLE_OBJC_WEAK = YES;
				CLANG_WARN_BLOCK_CAPTURE_AUTORELEASING = YES;
				CLANG_WARN_BOOL_CONVERSION = YES;
				CLANG_WARN_COMMA = YES;
				CLANG_WARN_CONSTANT_CONVERSION = YES;
				CLANG_WARN_DEPRECATED_OBJC_IMPLEMENTATIONS = YES;
				CLANG_WARN_DIRECT_OBJC_ISA_USAGE = YES_ERROR;
				CLANG_WARN_DOCUMENTATION_COMMENTS = YES;
				CLANG_WARN_EMPTY_BODY = YES;
				CLANG_WARN_ENUM_CONVERSION = YES;
				CLANG_WARN_INFINITE_RECURSION = YES;
				CLANG_WARN_INT_CONVERSION = YES;
				CLANG_WARN_NON_LITERAL_NULL_CONVERSION = YES;
				CLANG_WARN_OBJC_IMPLICIT_RETAIN_SELF = YES;
				CLANG_WARN_OBJC_LITERAL_CONVERSION = YES;
				CLANG_WARN_OBJC_ROOT_CLASS = YES_ERROR;
				CLANG_WARN_RANGE_LOOP_ANALYSIS = YES;
				CLANG_WARN_STRICT_PROTOTYPES = YES;
				CLANG_WARN_SUSPICIOUS_MOVE = YES;
				CLANG_WARN_UNGUARDED_AVAILABILITY = YES_AGGRESSIVE;
				CLANG_WARN_UNREACHABLE_CODE = YES;
				CLANG_WARN__DUPLICATE_METHOD_MATCH = YES;
				CODE_SIGN_IDENTITY = "iPhone Developer";
				COPY_PHASE_STRIP = NO;
				DEBUG_INFORMATION_FORMAT = dwarf;
				ENABLE_STRICT_OBJC_MSGSEND = YES;
				ENABLE_TESTABILITY = YES;
				GCC_C_LANGUAGE_STANDARD = gnu11;
				GCC_DYNAMIC_NO_PIC = NO;
				GCC_NO_COMMON_BLOCKS = YES;
				GCC_OPTIMIZATION_LEVEL = 0;
				GCC_PREPROCESSOR_DEFINITIONS = (
					"DEBUG=1",
					"$(inherited)",
				);
				GCC_WARN_64_TO_32_BIT_CONVERSION = YES;
				GCC_WARN_ABOUT_RETURN_TYPE = YES_ERROR;
				GCC_WARN_UNDECLARED_SELECTOR = YES;
				GCC_WARN_UNINITIALIZED_AUTOS = YES_AGGRESSIVE;
				GCC_WARN_UNUSED_FUNCTION = YES;
				GCC_WARN_UNUSED_VARIABLE = YES;
				IPHONEOS_DEPLOYMENT_TARGET = 12.0;
				MTL_ENABLE_DEBUG_INFO = INCLUDE_SOURCE;
				MTL_FAST_MATH = YES;
				ONLY_ACTIVE_ARCH = YES;
				SDKROOT = iphoneos;
				SWIFT_ACTIVE_COMPILATION_CONDITIONS = DEBUG;
				SWIFT_OPTIMIZATION_LEVEL = "-Onone";
			};
			name = Debug;
		};
		34E310E5215B1A1B00C3E68E /* Release */ = {
			isa = XCBuildConfiguration;
			buildSettings = {
				ALWAYS_SEARCH_USER_PATHS = NO;
				CLANG_ANALYZER_NONNULL = YES;
				CLANG_ANALYZER_NUMBER_OBJECT_CONVERSION = YES_AGGRESSIVE;
				CLANG_CXX_LANGUAGE_STANDARD = "gnu++14";
				CLANG_CXX_LIBRARY = "libc++";
				CLANG_ENABLE_MODULES = YES;
				CLANG_ENABLE_OBJC_ARC = YES;
				CLANG_ENABLE_OBJC_WEAK = YES;
				CLANG_WARN_BLOCK_CAPTURE_AUTORELEASING = YES;
				CLANG_WARN_BOOL_CONVERSION = YES;
				CLANG_WARN_COMMA = YES;
				CLANG_WARN_CONSTANT_CONVERSION = YES;
				CLANG_WARN_DEPRECATED_OBJC_IMPLEMENTATIONS = YES;
				CLANG_WARN_DIRECT_OBJC_ISA_USAGE = YES_ERROR;
				CLANG_WARN_DOCUMENTATION_COMMENTS = YES;
				CLANG_WARN_EMPTY_BODY = YES;
				CLANG_WARN_ENUM_CONVERSION = YES;
				CLANG_WARN_INFINITE_RECURSION = YES;
				CLANG_WARN_INT_CONVERSION = YES;
				CLANG_WARN_NON_LITERAL_NULL_CONVERSION = YES;
				CLANG_WARN_OBJC_IMPLICIT_RETAIN_SELF = YES;
				CLANG_WARN_OBJC_LITERAL_CONVERSION = YES;
				CLANG_WARN_OBJC_ROOT_CLASS = YES_ERROR;
				CLANG_WARN_RANGE_LOOP_ANALYSIS = YES;
				CLANG_WARN_STRICT_PROTOTYPES = YES;
				CLANG_WARN_SUSPICIOUS_MOVE = YES;
				CLANG_WARN_UNGUARDED_AVAILABILITY = YES_AGGRESSIVE;
				CLANG_WARN_UNREACHABLE_CODE = YES;
				CLANG_WARN__DUPLICATE_METHOD_MATCH = YES;
				CODE_SIGN_IDENTITY = "iPhone Developer";
				COPY_PHASE_STRIP = NO;
				DEBUG_INFORMATION_FORMAT = "dwarf-with-dsym";
				ENABLE_NS_ASSERTIONS = NO;
				ENABLE_STRICT_OBJC_MSGSEND = YES;
				GCC_C_LANGUAGE_STANDARD = gnu11;
				GCC_NO_COMMON_BLOCKS = YES;
				GCC_WARN_64_TO_32_BIT_CONVERSION = YES;
				GCC_WARN_ABOUT_RETURN_TYPE = YES_ERROR;
				GCC_WARN_UNDECLARED_SELECTOR = YES;
				GCC_WARN_UNINITIALIZED_AUTOS = YES_AGGRESSIVE;
				GCC_WARN_UNUSED_FUNCTION = YES;
				GCC_WARN_UNUSED_VARIABLE = YES;
				IPHONEOS_DEPLOYMENT_TARGET = 12.0;
				MTL_ENABLE_DEBUG_INFO = NO;
				MTL_FAST_MATH = YES;
				SDKROOT = iphoneos;
				SWIFT_COMPILATION_MODE = wholemodule;
				SWIFT_OPTIMIZATION_LEVEL = "-O";
				VALIDATE_PRODUCT = YES;
			};
			name = Release;
		};
		34E310E7215B1A1B00C3E68E /* Debug */ = {
			isa = XCBuildConfiguration;
			baseConfigurationReference = 379F1EA477EF34FCD7F3AC36 /* Pods-exarea.debug.xcconfig */;
			buildSettings = {
				ASSETCATALOG_COMPILER_APPICON_NAME = AppIcon;
				CLANG_ENABLE_MODULES = YES;
				CODE_SIGN_STYLE = Automatic;
				DEVELOPMENT_TEAM = ACL3HTXHT6;
				INFOPLIST_FILE = exarea/Info.plist;
				IPHONEOS_DEPLOYMENT_TARGET = 9.0;
				LD_RUNPATH_SEARCH_PATHS = (
					"$(inherited)",
					"@executable_path/Frameworks",
				);
				PRODUCT_BUNDLE_IDENTIFIER = com.tamtom.exarea.alpha;
				PRODUCT_NAME = "$(TARGET_NAME)";
				SWIFT_OBJC_BRIDGING_HEADER = "exarea/Resources/exarea-Bridging-Header.h";
				SWIFT_OPTIMIZATION_LEVEL = "-Onone";
				SWIFT_VERSION = 4.2;
				TARGETED_DEVICE_FAMILY = "1,2";
			};
			name = Debug;
		};
		34E310E8215B1A1B00C3E68E /* Release */ = {
			isa = XCBuildConfiguration;
			baseConfigurationReference = AC81AFB9D035D9F7E82D3B21 /* Pods-exarea.release.xcconfig */;
			buildSettings = {
				ASSETCATALOG_COMPILER_APPICON_NAME = AppIcon;
				CLANG_ENABLE_MODULES = YES;
				CODE_SIGN_STYLE = Automatic;
				DEVELOPMENT_TEAM = ACL3HTXHT6;
				INFOPLIST_FILE = exarea/Info.plist;
				IPHONEOS_DEPLOYMENT_TARGET = 9.0;
				LD_RUNPATH_SEARCH_PATHS = (
					"$(inherited)",
					"@executable_path/Frameworks",
				);
				PRODUCT_BUNDLE_IDENTIFIER = com.tamtom.exarea.alpha;
				PRODUCT_NAME = "$(TARGET_NAME)";
				SWIFT_OBJC_BRIDGING_HEADER = "exarea/Resources/exarea-Bridging-Header.h";
				SWIFT_VERSION = 4.2;
				TARGETED_DEVICE_FAMILY = "1,2";
			};
			name = Release;
		};
/* End XCBuildConfiguration section */

/* Begin XCConfigurationList section */
		34E310CF215B1A1900C3E68E /* Build configuration list for PBXProject "exarea" */ = {
			isa = XCConfigurationList;
			buildConfigurations = (
				34E310E4215B1A1B00C3E68E /* Debug */,
				34E310E5215B1A1B00C3E68E /* Release */,
			);
			defaultConfigurationIsVisible = 0;
			defaultConfigurationName = Release;
		};
		34E310E6215B1A1B00C3E68E /* Build configuration list for PBXNativeTarget "exarea" */ = {
			isa = XCConfigurationList;
			buildConfigurations = (
				34E310E7215B1A1B00C3E68E /* Debug */,
				34E310E8215B1A1B00C3E68E /* Release */,
			);
			defaultConfigurationIsVisible = 0;
			defaultConfigurationName = Release;
		};
/* End XCConfigurationList section */
	};
	rootObject = 34E310CC215B1A1900C3E68E /* Project object */;
}
