// !$*UTF8*$!
{
	archiveVersion = 1;
	classes = {
	};
	objectVersion = 50;
	objects = {

/* Begin PBXBuildFile section */
		24272838AE8B9FB846BD315B /* Pods_exarea.framework in Frameworks */ = {isa = PBXBuildFile; fileRef = 9C7E6D336257AC577BB97EAB /* Pods_exarea.framework */; };
		340CDBAA21FF999E00F5C303 /* SplashViewController.swift in Sources */ = {isa = PBXBuildFile; fileRef = 340CDBA921FF999E00F5C303 /* SplashViewController.swift */; };
		340CDBAC21FFAB5D00F5C303 /* LoginRequestAndResponseClasses.swift in Sources */ = {isa = PBXBuildFile; fileRef = 340CDBAB21FFAB5D00F5C303 /* LoginRequestAndResponseClasses.swift */; };
		3411A1932211772E00DBC057 /* IRANSansMobile(FaNum)_Bold.ttf in Resources */ = {isa = PBXBuildFile; fileRef = 3411A18D2211772C00DBC057 /* IRANSansMobile(FaNum)_Bold.ttf */; };
		3411A1942211772E00DBC057 /* IRANSansMobile(FaNum)_Black.ttf in Resources */ = {isa = PBXBuildFile; fileRef = 3411A18E2211772D00DBC057 /* IRANSansMobile(FaNum)_Black.ttf */; };
		3411A1952211772E00DBC057 /* IRANSansMobile(FaNum)_Light.ttf in Resources */ = {isa = PBXBuildFile; fileRef = 3411A18F2211772D00DBC057 /* IRANSansMobile(FaNum)_Light.ttf */; };
		3411A1962211772E00DBC057 /* IRANSansMobile(FaNum)_UltraLight.ttf in Resources */ = {isa = PBXBuildFile; fileRef = 3411A1902211772D00DBC057 /* IRANSansMobile(FaNum)_UltraLight.ttf */; };
		3411A1972211772E00DBC057 /* IRANSansMobile(FaNum)_Medium.ttf in Resources */ = {isa = PBXBuildFile; fileRef = 3411A1912211772D00DBC057 /* IRANSansMobile(FaNum)_Medium.ttf */; };
		3411A1982211772E00DBC057 /* IRANSansMobile(FaNum).ttf in Resources */ = {isa = PBXBuildFile; fileRef = 3411A1922211772E00DBC057 /* IRANSansMobile(FaNum).ttf */; };
		3411A19A2211774700DBC057 /* FontLicense.txt in Resources */ = {isa = PBXBuildFile; fileRef = 3411A1992211774700DBC057 /* FontLicense.txt */; };
		3411A19D22117EA500DBC057 /* IRANSansMobile.ttf in Resources */ = {isa = PBXBuildFile; fileRef = 3411A19C22117EA400DBC057 /* IRANSansMobile.ttf */; };
		341247BF21E5E75B00A34154 /* UITextField+Shake.m in Sources */ = {isa = PBXBuildFile; fileRef = 341247BE21E5E75B00A34154 /* UITextField+Shake.m */; };
		341247C421E6250C00A34154 /* UITextField+fixCaretPosition.swift in Sources */ = {isa = PBXBuildFile; fileRef = 341247C121E6250A00A34154 /* UITextField+fixCaretPosition.swift */; };
		341247C521E6250C00A34154 /* SkyFloatingLabelTextField.swift in Sources */ = {isa = PBXBuildFile; fileRef = 341247C221E6250B00A34154 /* SkyFloatingLabelTextField.swift */; };
		341247C621E6250C00A34154 /* SkyFloatingLabelTextFieldWithIcon.swift in Sources */ = {isa = PBXBuildFile; fileRef = 341247C321E6250B00A34154 /* SkyFloatingLabelTextFieldWithIcon.swift */; };
		341247CC21E6271700A34154 /* Account.swift in Sources */ = {isa = PBXBuildFile; fileRef = 341247CB21E6271700A34154 /* Account.swift */; };
		341247CE21E6287400A34154 /* Networking.swift in Sources */ = {isa = PBXBuildFile; fileRef = 341247CD21E6287400A34154 /* Networking.swift */; };
		341247D021E6288900A34154 /* Configurations.swift in Sources */ = {isa = PBXBuildFile; fileRef = 341247CF21E6288900A34154 /* Configurations.swift */; };
		341247D321E629FF00A34154 /* JSONSerializable.swift in Sources */ = {isa = PBXBuildFile; fileRef = 341247D221E629FF00A34154 /* JSONSerializable.swift */; };
		341247D521E62A7400A34154 /* CustomJSONKey.swift in Sources */ = {isa = PBXBuildFile; fileRef = 341247D421E62A7400A34154 /* CustomJSONKey.swift */; };
		341470CA222FAC5100405E51 /* AudioCollectionViewCell.swift in Sources */ = {isa = PBXBuildFile; fileRef = 341470C9222FAC5100405E51 /* AudioCollectionViewCell.swift */; };
		341470CC223067F200405E51 /* ImagedCollectionViewCell.swift in Sources */ = {isa = PBXBuildFile; fileRef = 341470CB223067F200405E51 /* ImagedCollectionViewCell.swift */; };
		341CE74522106502006D7031 /* Product.swift in Sources */ = {isa = PBXBuildFile; fileRef = 341CE74422106502006D7031 /* Product.swift */; };
		341E96B621FF622F00D7477B /* ActivateViewController.swift in Sources */ = {isa = PBXBuildFile; fileRef = 341E96B521FF622F00D7477B /* ActivateViewController.swift */; };
		341E96BC21FF971800D7477B /* Shimmer.swift in Sources */ = {isa = PBXBuildFile; fileRef = 341E96B821FF971700D7477B /* Shimmer.swift */; };
		341E96BD21FF971800D7477B /* ShimmeringMaskLayer.swift in Sources */ = {isa = PBXBuildFile; fileRef = 341E96B921FF971700D7477B /* ShimmeringMaskLayer.swift */; };
		341E96BE21FF971800D7477B /* ShimmeringLayer.swift in Sources */ = {isa = PBXBuildFile; fileRef = 341E96BA21FF971800D7477B /* ShimmeringLayer.swift */; };
		341E96BF21FF971800D7477B /* ShimmeringView.swift in Sources */ = {isa = PBXBuildFile; fileRef = 341E96BB21FF971800D7477B /* ShimmeringView.swift */; };
		342A228621F581240057FB5C /* Fair.swift in Sources */ = {isa = PBXBuildFile; fileRef = 342A228521F581240057FB5C /* Fair.swift */; };
		342A228821F588F10057FB5C /* ImageTitledCollectionCell.swift in Sources */ = {isa = PBXBuildFile; fileRef = 342A228721F588F10057FB5C /* ImageTitledCollectionCell.swift */; };
		342A228B21F7046B0057FB5C /* MenuTableViewController.swift in Sources */ = {isa = PBXBuildFile; fileRef = 342A228A21F7046B0057FB5C /* MenuTableViewController.swift */; };
		342A228D21F706F40057FB5C /* ContactUsViewController.swift in Sources */ = {isa = PBXBuildFile; fileRef = 342A228C21F706F40057FB5C /* ContactUsViewController.swift */; };
		342A228F21F717F70057FB5C /* RulesViewController.swift in Sources */ = {isa = PBXBuildFile; fileRef = 342A228E21F717F70057FB5C /* RulesViewController.swift */; };
		342A229521F72AEB0057FB5C /* BarcodeScannerViewController.swift in Sources */ = {isa = PBXBuildFile; fileRef = 342A229421F72AEB0057FB5C /* BarcodeScannerViewController.swift */; };
		342C402C2250A97100ABBA9F /* File.swift in Sources */ = {isa = PBXBuildFile; fileRef = 342C402B2250A97100ABBA9F /* File.swift */; };
		342C402E225132DC00ABBA9F /* BoothFile.swift in Sources */ = {isa = PBXBuildFile; fileRef = 342C402D225132DC00ABBA9F /* BoothFile.swift */; };
		342C40362252236000ABBA9F /* Login.storyboard in Resources */ = {isa = PBXBuildFile; fileRef = 342C40332252236000ABBA9F /* Login.storyboard */; };
		342C4043225223AE00ABBA9F /* ServerFilesViewController.swift in Sources */ = {isa = PBXBuildFile; fileRef = 342C4037225223AC00ABBA9F /* ServerFilesViewController.swift */; };
		342C4044225223AE00ABBA9F /* ProductsViewController.swift in Sources */ = {isa = PBXBuildFile; fileRef = 342C4038225223AD00ABBA9F /* ProductsViewController.swift */; };
		342C4045225223AE00ABBA9F /* LocalFilesViewController.swift in Sources */ = {isa = PBXBuildFile; fileRef = 342C4039225223AD00ABBA9F /* LocalFilesViewController.swift */; };
		342C4046225223AE00ABBA9F /* PickerViewController.swift in Sources */ = {isa = PBXBuildFile; fileRef = 342C403A225223AD00ABBA9F /* PickerViewController.swift */; };
		342C4047225223AE00ABBA9F /* BoothDetailsViewController.swift in Sources */ = {isa = PBXBuildFile; fileRef = 342C403B225223AD00ABBA9F /* BoothDetailsViewController.swift */; };
		342C4048225223AE00ABBA9F /* NotePreviewViewController.swift in Sources */ = {isa = PBXBuildFile; fileRef = 342C403C225223AD00ABBA9F /* NotePreviewViewController.swift */; };
		342C4049225223AE00ABBA9F /* FileFoldersTableViewController.swift in Sources */ = {isa = PBXBuildFile; fileRef = 342C403D225223AD00ABBA9F /* FileFoldersTableViewController.swift */; };
		342C404A225223AE00ABBA9F /* AudioRecorderViewController.swift in Sources */ = {isa = PBXBuildFile; fileRef = 342C403E225223AD00ABBA9F /* AudioRecorderViewController.swift */; };
		342C404B225223AE00ABBA9F /* NoteViewController.swift in Sources */ = {isa = PBXBuildFile; fileRef = 342C403F225223AD00ABBA9F /* NoteViewController.swift */; };
		342C404C225223AE00ABBA9F /* SearchViewController.swift in Sources */ = {isa = PBXBuildFile; fileRef = 342C4040225223AD00ABBA9F /* SearchViewController.swift */; };
		342C404D225223AE00ABBA9F /* TicketingViewController.swift in Sources */ = {isa = PBXBuildFile; fileRef = 342C4041225223AE00ABBA9F /* TicketingViewController.swift */; };
		342C404E225223AE00ABBA9F /* PreviewPopupViewController.swift in Sources */ = {isa = PBXBuildFile; fileRef = 342C4042225223AE00ABBA9F /* PreviewPopupViewController.swift */; };
		342C4052225226CC00ABBA9F /* Booth.storyboard in Resources */ = {isa = PBXBuildFile; fileRef = 342C4050225226CC00ABBA9F /* Booth.storyboard */; };
		343C211C220DB16D00F4CB0D /* ShadowedView.swift in Sources */ = {isa = PBXBuildFile; fileRef = 343C211B220DB16D00F4CB0D /* ShadowedView.swift */; };
		343C211E220DD01F00F4CB0D /* Activities.swift in Sources */ = {isa = PBXBuildFile; fileRef = 343C211D220DD01F00F4CB0D /* Activities.swift */; };
		343C2120220DDC0C00F4CB0D /* MapKit.framework in Frameworks */ = {isa = PBXBuildFile; fileRef = 343C211F220DDC0C00F4CB0D /* MapKit.framework */; };
		345DAFA12252C2A400CB567E /* ServerFileTableViewCell.swift in Sources */ = {isa = PBXBuildFile; fileRef = 345DAFA02252C2A400CB567E /* ServerFileTableViewCell.swift */; };
		345EED102227A5EC00298B97 /* CustomSegues.swift in Sources */ = {isa = PBXBuildFile; fileRef = 345EED0F2227A5EC00298B97 /* CustomSegues.swift */; };
		346C8412215B614900F43F8C /* FavoritesViewController.swift in Sources */ = {isa = PBXBuildFile; fileRef = 346C8411215B614900F43F8C /* FavoritesViewController.swift */; };
		346C8414215B61E300F43F8C /* PaginationManager.swift in Sources */ = {isa = PBXBuildFile; fileRef = 346C8413215B61E300F43F8C /* PaginationManager.swift */; };
		34831B6922307E6700D6DCA1 /* ConversationListViewController.swift in Sources */ = {isa = PBXBuildFile; fileRef = 34831B6822307E6700D6DCA1 /* ConversationListViewController.swift */; };
		34831B6F2230814300D6DCA1 /* BoothAccess.swift in Sources */ = {isa = PBXBuildFile; fileRef = 34831B6E2230814300D6DCA1 /* BoothAccess.swift */; };
		34831B732230A16200D6DCA1 /* ConversationTableViewCell.swift in Sources */ = {isa = PBXBuildFile; fileRef = 34831B722230A16200D6DCA1 /* ConversationTableViewCell.swift */; };
		34831B752230A2D500D6DCA1 /* ConversationMailsViewController.swift in Sources */ = {isa = PBXBuildFile; fileRef = 34831B742230A2D500D6DCA1 /* ConversationMailsViewController.swift */; };
		34831B772230A41600D6DCA1 /* MailTableViewCell.swift in Sources */ = {isa = PBXBuildFile; fileRef = 34831B762230A41600D6DCA1 /* MailTableViewCell.swift */; };
		348816F2220F26B500EC5CC5 /* ProfileViewController.swift in Sources */ = {isa = PBXBuildFile; fileRef = 348816F1220F26B500EC5CC5 /* ProfileViewController.swift */; };
		348816F4220F4FF600EC5CC5 /* EmbededViewController.swift in Sources */ = {isa = PBXBuildFile; fileRef = 348816F3220F4FF600EC5CC5 /* EmbededViewController.swift */; };
		3493263E2254D12E00686D4E /* ImageTitledTableViewCell.swift in Sources */ = {isa = PBXBuildFile; fileRef = 3493263D2254D12E00686D4E /* ImageTitledTableViewCell.swift */; };
		349326402254D14E00686D4E /* ShadowableCollectionCell.swift in Sources */ = {isa = PBXBuildFile; fileRef = 3493263F2254D14E00686D4E /* ShadowableCollectionCell.swift */; };
		349326442254D1C100686D4E /* SlideShowHeaderView.swift in Sources */ = {isa = PBXBuildFile; fileRef = 349326432254D1C100686D4E /* SlideShowHeaderView.swift */; };
		34B5907F224C1A18004B6E00 /* NoteCollectionViewCell.swift in Sources */ = {isa = PBXBuildFile; fileRef = 34B5907E224C1A18004B6E00 /* NoteCollectionViewCell.swift */; };
		34B59081224ED241004B6E00 /* Photo.swift in Sources */ = {isa = PBXBuildFile; fileRef = 34B59080224ED241004B6E00 /* Photo.swift */; };
		34B59085224ED646004B6E00 /* Note.swift in Sources */ = {isa = PBXBuildFile; fileRef = 34B59084224ED646004B6E00 /* Note.swift */; };
		34D693DA2254C1520088C6EC /* Rules.rtf in Resources */ = {isa = PBXBuildFile; fileRef = 34D693D92254C1520088C6EC /* Rules.rtf */; };
		34D693DE2254C72D0088C6EC /* About.rtf in Resources */ = {isa = PBXBuildFile; fileRef = 34D693DD2254C72C0088C6EC /* About.rtf */; };
		34D693E02254C74F0088C6EC /* AboutUsViewController.swift in Sources */ = {isa = PBXBuildFile; fileRef = 34D693DF2254C74F0088C6EC /* AboutUsViewController.swift */; };
		34E310D8215B1A1900C3E68E /* AppDelegate.swift in Sources */ = {isa = PBXBuildFile; fileRef = 34E310D7215B1A1900C3E68E /* AppDelegate.swift */; };
		34E310DA215B1A1900C3E68E /* LoginViewController.swift in Sources */ = {isa = PBXBuildFile; fileRef = 34E310D9215B1A1900C3E68E /* LoginViewController.swift */; };
		34E310DD215B1A1900C3E68E /* Main.storyboard in Resources */ = {isa = PBXBuildFile; fileRef = 34E310DB215B1A1900C3E68E /* Main.storyboard */; };
		34E310DF215B1A1B00C3E68E /* Assets.xcassets in Resources */ = {isa = PBXBuildFile; fileRef = 34E310DE215B1A1B00C3E68E /* Assets.xcassets */; };
		34E310E2215B1A1B00C3E68E /* LaunchScreen.storyboard in Resources */ = {isa = PBXBuildFile; fileRef = 34E310E0215B1A1B00C3E68E /* LaunchScreen.storyboard */; };
		34E310EB215B1D3A00C3E68E /* Segoe UI.ttf in Resources */ = {isa = PBXBuildFile; fileRef = 34E310EA215B1D3A00C3E68E /* Segoe UI.ttf */; };
		34E310ED215B1E9200C3E68E /* Segoe UI Bold.ttf in Resources */ = {isa = PBXBuildFile; fileRef = 34E310EC215B1E9200C3E68E /* Segoe UI Bold.ttf */; };
		34E310F2215B348F00C3E68E /* Extensions.swift in Sources */ = {isa = PBXBuildFile; fileRef = 34E310F1215B348F00C3E68E /* Extensions.swift */; };
		34E719D12205EC2700ECDBB8 /* Booth.swift in Sources */ = {isa = PBXBuildFile; fileRef = 34E719D02205EC2700ECDBB8 /* Booth.swift */; };
		34E7DC5421F06F3300D3292C /* MainNavigationController.swift in Sources */ = {isa = PBXBuildFile; fileRef = 34E7DC5321F06F3300D3292C /* MainNavigationController.swift */; };
		34E7DC5621F071F900D3292C /* EntryViewController.swift in Sources */ = {isa = PBXBuildFile; fileRef = 34E7DC5521F071F900D3292C /* EntryViewController.swift */; };
		34E7DC5821F0783300D3292C /* MainViewController.swift in Sources */ = {isa = PBXBuildFile; fileRef = 34E7DC5721F0783300D3292C /* MainViewController.swift */; };
		34E7DC5A21F086D100D3292C /* PitTabBar.swift in Sources */ = {isa = PBXBuildFile; fileRef = 34E7DC5921F086D100D3292C /* PitTabBar.swift */; };
		34EADB2421F260D6001DFF62 /* HomeViewController.swift in Sources */ = {isa = PBXBuildFile; fileRef = 34EADB2321F260D6001DFF62 /* HomeViewController.swift */; };
		34F50B502256B5C3001AA8D5 /* Toaster.swift in Sources */ = {isa = PBXBuildFile; fileRef = 34F50B4F2256B5C3001AA8D5 /* Toaster.swift */; };
/* End PBXBuildFile section */

/* Begin PBXFileReference section */
		340CDBA921FF999E00F5C303 /* SplashViewController.swift */ = {isa = PBXFileReference; lastKnownFileType = sourcecode.swift; path = SplashViewController.swift; sourceTree = "<group>"; };
		340CDBAB21FFAB5D00F5C303 /* LoginRequestAndResponseClasses.swift */ = {isa = PBXFileReference; lastKnownFileType = sourcecode.swift; path = LoginRequestAndResponseClasses.swift; sourceTree = "<group>"; };
		3411A18D2211772C00DBC057 /* IRANSansMobile(FaNum)_Bold.ttf */ = {isa = PBXFileReference; lastKnownFileType = file; path = "IRANSansMobile(FaNum)_Bold.ttf"; sourceTree = "<group>"; };
		3411A18E2211772D00DBC057 /* IRANSansMobile(FaNum)_Black.ttf */ = {isa = PBXFileReference; lastKnownFileType = file; path = "IRANSansMobile(FaNum)_Black.ttf"; sourceTree = "<group>"; };
		3411A18F2211772D00DBC057 /* IRANSansMobile(FaNum)_Light.ttf */ = {isa = PBXFileReference; lastKnownFileType = file; path = "IRANSansMobile(FaNum)_Light.ttf"; sourceTree = "<group>"; };
		3411A1902211772D00DBC057 /* IRANSansMobile(FaNum)_UltraLight.ttf */ = {isa = PBXFileReference; lastKnownFileType = file; path = "IRANSansMobile(FaNum)_UltraLight.ttf"; sourceTree = "<group>"; };
		3411A1912211772D00DBC057 /* IRANSansMobile(FaNum)_Medium.ttf */ = {isa = PBXFileReference; lastKnownFileType = file; path = "IRANSansMobile(FaNum)_Medium.ttf"; sourceTree = "<group>"; };
		3411A1922211772E00DBC057 /* IRANSansMobile(FaNum).ttf */ = {isa = PBXFileReference; lastKnownFileType = file; path = "IRANSansMobile(FaNum).ttf"; sourceTree = "<group>"; };
		3411A1992211774700DBC057 /* FontLicense.txt */ = {isa = PBXFileReference; fileEncoding = 4; lastKnownFileType = text; path = FontLicense.txt; sourceTree = "<group>"; };
		3411A19C22117EA400DBC057 /* IRANSansMobile.ttf */ = {isa = PBXFileReference; lastKnownFileType = file; path = IRANSansMobile.ttf; sourceTree = "<group>"; };
		341247BD21E5E75B00A34154 /* UITextField+Shake.h */ = {isa = PBXFileReference; fileEncoding = 4; lastKnownFileType = sourcecode.c.h; path = "UITextField+Shake.h"; sourceTree = "<group>"; };
		341247BE21E5E75B00A34154 /* UITextField+Shake.m */ = {isa = PBXFileReference; fileEncoding = 4; lastKnownFileType = sourcecode.c.objc; path = "UITextField+Shake.m"; sourceTree = "<group>"; };
		341247C121E6250A00A34154 /* UITextField+fixCaretPosition.swift */ = {isa = PBXFileReference; lastKnownFileType = sourcecode.swift; path = "UITextField+fixCaretPosition.swift"; sourceTree = "<group>"; };
		341247C221E6250B00A34154 /* SkyFloatingLabelTextField.swift */ = {isa = PBXFileReference; lastKnownFileType = sourcecode.swift; path = SkyFloatingLabelTextField.swift; sourceTree = "<group>"; };
		341247C321E6250B00A34154 /* SkyFloatingLabelTextFieldWithIcon.swift */ = {isa = PBXFileReference; lastKnownFileType = sourcecode.swift; path = SkyFloatingLabelTextFieldWithIcon.swift; sourceTree = "<group>"; };
		341247CB21E6271700A34154 /* Account.swift */ = {isa = PBXFileReference; lastKnownFileType = sourcecode.swift; path = Account.swift; sourceTree = "<group>"; };
		341247CD21E6287400A34154 /* Networking.swift */ = {isa = PBXFileReference; lastKnownFileType = sourcecode.swift; path = Networking.swift; sourceTree = "<group>"; };
		341247CF21E6288900A34154 /* Configurations.swift */ = {isa = PBXFileReference; lastKnownFileType = sourcecode.swift; path = Configurations.swift; sourceTree = "<group>"; };
		341247D221E629FF00A34154 /* JSONSerializable.swift */ = {isa = PBXFileReference; fileEncoding = 4; lastKnownFileType = sourcecode.swift; path = JSONSerializable.swift; sourceTree = "<group>"; };
		341247D421E62A7400A34154 /* CustomJSONKey.swift */ = {isa = PBXFileReference; fileEncoding = 4; lastKnownFileType = sourcecode.swift; path = CustomJSONKey.swift; sourceTree = "<group>"; };
		341470C9222FAC5100405E51 /* AudioCollectionViewCell.swift */ = {isa = PBXFileReference; lastKnownFileType = sourcecode.swift; path = AudioCollectionViewCell.swift; sourceTree = "<group>"; };
		341470CB223067F200405E51 /* ImagedCollectionViewCell.swift */ = {isa = PBXFileReference; lastKnownFileType = sourcecode.swift; path = ImagedCollectionViewCell.swift; sourceTree = "<group>"; };
		341CE74422106502006D7031 /* Product.swift */ = {isa = PBXFileReference; lastKnownFileType = sourcecode.swift; path = Product.swift; sourceTree = "<group>"; };
		341E96B521FF622F00D7477B /* ActivateViewController.swift */ = {isa = PBXFileReference; lastKnownFileType = sourcecode.swift; path = ActivateViewController.swift; sourceTree = "<group>"; };
		341E96B821FF971700D7477B /* Shimmer.swift */ = {isa = PBXFileReference; fileEncoding = 4; lastKnownFileType = sourcecode.swift; path = Shimmer.swift; sourceTree = "<group>"; };
		341E96B921FF971700D7477B /* ShimmeringMaskLayer.swift */ = {isa = PBXFileReference; fileEncoding = 4; lastKnownFileType = sourcecode.swift; path = ShimmeringMaskLayer.swift; sourceTree = "<group>"; };
		341E96BA21FF971800D7477B /* ShimmeringLayer.swift */ = {isa = PBXFileReference; fileEncoding = 4; lastKnownFileType = sourcecode.swift; path = ShimmeringLayer.swift; sourceTree = "<group>"; };
		341E96BB21FF971800D7477B /* ShimmeringView.swift */ = {isa = PBXFileReference; fileEncoding = 4; lastKnownFileType = sourcecode.swift; path = ShimmeringView.swift; sourceTree = "<group>"; };
		342A228521F581240057FB5C /* Fair.swift */ = {isa = PBXFileReference; lastKnownFileType = sourcecode.swift; path = Fair.swift; sourceTree = "<group>"; };
		342A228721F588F10057FB5C /* ImageTitledCollectionCell.swift */ = {isa = PBXFileReference; lastKnownFileType = sourcecode.swift; path = ImageTitledCollectionCell.swift; sourceTree = "<group>"; };
		342A228A21F7046B0057FB5C /* MenuTableViewController.swift */ = {isa = PBXFileReference; lastKnownFileType = sourcecode.swift; path = MenuTableViewController.swift; sourceTree = "<group>"; };
		342A228C21F706F40057FB5C /* ContactUsViewController.swift */ = {isa = PBXFileReference; lastKnownFileType = sourcecode.swift; path = ContactUsViewController.swift; sourceTree = "<group>"; };
		342A228E21F717F70057FB5C /* RulesViewController.swift */ = {isa = PBXFileReference; lastKnownFileType = sourcecode.swift; path = RulesViewController.swift; sourceTree = "<group>"; };
		342A229421F72AEB0057FB5C /* BarcodeScannerViewController.swift */ = {isa = PBXFileReference; lastKnownFileType = sourcecode.swift; path = BarcodeScannerViewController.swift; sourceTree = "<group>"; };
		342A72152205AF56003ACE36 /* exarea-Bridging-Header.h */ = {isa = PBXFileReference; fileEncoding = 4; lastKnownFileType = sourcecode.c.h; path = "exarea-Bridging-Header.h"; sourceTree = "<group>"; };
		342C402B2250A97100ABBA9F /* File.swift */ = {isa = PBXFileReference; lastKnownFileType = sourcecode.swift; path = File.swift; sourceTree = "<group>"; };
		342C402D225132DC00ABBA9F /* BoothFile.swift */ = {isa = PBXFileReference; lastKnownFileType = sourcecode.swift; path = BoothFile.swift; sourceTree = "<group>"; };
		342C40342252236000ABBA9F /* Base */ = {isa = PBXFileReference; lastKnownFileType = file.storyboard; name = Base; path = Base.lproj/Login.storyboard; sourceTree = "<group>"; };
		342C4037225223AC00ABBA9F /* ServerFilesViewController.swift */ = {isa = PBXFileReference; fileEncoding = 4; lastKnownFileType = sourcecode.swift; path = ServerFilesViewController.swift; sourceTree = "<group>"; };
		342C4038225223AD00ABBA9F /* ProductsViewController.swift */ = {isa = PBXFileReference; fileEncoding = 4; lastKnownFileType = sourcecode.swift; path = ProductsViewController.swift; sourceTree = "<group>"; };
		342C4039225223AD00ABBA9F /* LocalFilesViewController.swift */ = {isa = PBXFileReference; fileEncoding = 4; lastKnownFileType = sourcecode.swift; path = LocalFilesViewController.swift; sourceTree = "<group>"; };
		342C403A225223AD00ABBA9F /* PickerViewController.swift */ = {isa = PBXFileReference; fileEncoding = 4; lastKnownFileType = sourcecode.swift; path = PickerViewController.swift; sourceTree = "<group>"; };
		342C403B225223AD00ABBA9F /* BoothDetailsViewController.swift */ = {isa = PBXFileReference; fileEncoding = 4; lastKnownFileType = sourcecode.swift; path = BoothDetailsViewController.swift; sourceTree = "<group>"; };
		342C403C225223AD00ABBA9F /* NotePreviewViewController.swift */ = {isa = PBXFileReference; fileEncoding = 4; lastKnownFileType = sourcecode.swift; path = NotePreviewViewController.swift; sourceTree = "<group>"; };
		342C403D225223AD00ABBA9F /* FileFoldersTableViewController.swift */ = {isa = PBXFileReference; fileEncoding = 4; lastKnownFileType = sourcecode.swift; path = FileFoldersTableViewController.swift; sourceTree = "<group>"; };
		342C403E225223AD00ABBA9F /* AudioRecorderViewController.swift */ = {isa = PBXFileReference; fileEncoding = 4; lastKnownFileType = sourcecode.swift; path = AudioRecorderViewController.swift; sourceTree = "<group>"; };
		342C403F225223AD00ABBA9F /* NoteViewController.swift */ = {isa = PBXFileReference; fileEncoding = 4; lastKnownFileType = sourcecode.swift; path = NoteViewController.swift; sourceTree = "<group>"; };
		342C4040225223AD00ABBA9F /* SearchViewController.swift */ = {isa = PBXFileReference; fileEncoding = 4; lastKnownFileType = sourcecode.swift; path = SearchViewController.swift; sourceTree = "<group>"; };
		342C4041225223AE00ABBA9F /* TicketingViewController.swift */ = {isa = PBXFileReference; fileEncoding = 4; lastKnownFileType = sourcecode.swift; path = TicketingViewController.swift; sourceTree = "<group>"; };
		342C4042225223AE00ABBA9F /* PreviewPopupViewController.swift */ = {isa = PBXFileReference; fileEncoding = 4; lastKnownFileType = sourcecode.swift; path = PreviewPopupViewController.swift; sourceTree = "<group>"; };
		342C4051225226CC00ABBA9F /* Base */ = {isa = PBXFileReference; lastKnownFileType = file.storyboard; name = Base; path = Base.lproj/Booth.storyboard; sourceTree = "<group>"; };
		343C211B220DB16D00F4CB0D /* ShadowedView.swift */ = {isa = PBXFileReference; lastKnownFileType = sourcecode.swift; path = ShadowedView.swift; sourceTree = "<group>"; };
		343C211D220DD01F00F4CB0D /* Activities.swift */ = {isa = PBXFileReference; lastKnownFileType = sourcecode.swift; path = Activities.swift; sourceTree = "<group>"; };
		343C211F220DDC0C00F4CB0D /* MapKit.framework */ = {isa = PBXFileReference; lastKnownFileType = wrapper.framework; name = MapKit.framework; path = System/Library/Frameworks/MapKit.framework; sourceTree = SDKROOT; };
		345DAFA02252C2A400CB567E /* ServerFileTableViewCell.swift */ = {isa = PBXFileReference; lastKnownFileType = sourcecode.swift; path = ServerFileTableViewCell.swift; sourceTree = "<group>"; };
		345EED0F2227A5EC00298B97 /* CustomSegues.swift */ = {isa = PBXFileReference; lastKnownFileType = sourcecode.swift; path = CustomSegues.swift; sourceTree = "<group>"; };
		346C8411215B614900F43F8C /* FavoritesViewController.swift */ = {isa = PBXFileReference; lastKnownFileType = sourcecode.swift; path = FavoritesViewController.swift; sourceTree = "<group>"; };
		346C8413215B61E300F43F8C /* PaginationManager.swift */ = {isa = PBXFileReference; fileEncoding = 4; lastKnownFileType = sourcecode.swift; path = PaginationManager.swift; sourceTree = "<group>"; };
		34831B6822307E6700D6DCA1 /* ConversationListViewController.swift */ = {isa = PBXFileReference; lastKnownFileType = sourcecode.swift; path = ConversationListViewController.swift; sourceTree = "<group>"; };
		34831B6E2230814300D6DCA1 /* BoothAccess.swift */ = {isa = PBXFileReference; fileEncoding = 4; lastKnownFileType = sourcecode.swift; path = BoothAccess.swift; sourceTree = "<group>"; };
		34831B722230A16200D6DCA1 /* ConversationTableViewCell.swift */ = {isa = PBXFileReference; lastKnownFileType = sourcecode.swift; path = ConversationTableViewCell.swift; sourceTree = "<group>"; };
		34831B742230A2D500D6DCA1 /* ConversationMailsViewController.swift */ = {isa = PBXFileReference; lastKnownFileType = sourcecode.swift; path = ConversationMailsViewController.swift; sourceTree = "<group>"; };
		34831B762230A41600D6DCA1 /* MailTableViewCell.swift */ = {isa = PBXFileReference; lastKnownFileType = sourcecode.swift; path = MailTableViewCell.swift; sourceTree = "<group>"; };
		348816F1220F26B500EC5CC5 /* ProfileViewController.swift */ = {isa = PBXFileReference; lastKnownFileType = sourcecode.swift; path = ProfileViewController.swift; sourceTree = "<group>"; };
		348816F3220F4FF600EC5CC5 /* EmbededViewController.swift */ = {isa = PBXFileReference; lastKnownFileType = sourcecode.swift; path = EmbededViewController.swift; sourceTree = "<group>"; };
		3493263D2254D12E00686D4E /* ImageTitledTableViewCell.swift */ = {isa = PBXFileReference; lastKnownFileType = sourcecode.swift; path = ImageTitledTableViewCell.swift; sourceTree = "<group>"; };
		3493263F2254D14E00686D4E /* ShadowableCollectionCell.swift */ = {isa = PBXFileReference; lastKnownFileType = sourcecode.swift; path = ShadowableCollectionCell.swift; sourceTree = "<group>"; };
		349326432254D1C100686D4E /* SlideShowHeaderView.swift */ = {isa = PBXFileReference; lastKnownFileType = sourcecode.swift; path = SlideShowHeaderView.swift; sourceTree = "<group>"; };
		34B5907E224C1A18004B6E00 /* NoteCollectionViewCell.swift */ = {isa = PBXFileReference; lastKnownFileType = sourcecode.swift; path = NoteCollectionViewCell.swift; sourceTree = "<group>"; };
		34B59080224ED241004B6E00 /* Photo.swift */ = {isa = PBXFileReference; lastKnownFileType = sourcecode.swift; path = Photo.swift; sourceTree = "<group>"; };
		34B59084224ED646004B6E00 /* Note.swift */ = {isa = PBXFileReference; lastKnownFileType = sourcecode.swift; path = Note.swift; sourceTree = "<group>"; };
		34D693D92254C1520088C6EC /* Rules.rtf */ = {isa = PBXFileReference; lastKnownFileType = text.rtf; path = Rules.rtf; sourceTree = "<group>"; };
		34D693DD2254C72C0088C6EC /* About.rtf */ = {isa = PBXFileReference; fileEncoding = 4; lastKnownFileType = text.rtf; path = About.rtf; sourceTree = "<group>"; };
		34D693DF2254C74F0088C6EC /* AboutUsViewController.swift */ = {isa = PBXFileReference; lastKnownFileType = sourcecode.swift; path = AboutUsViewController.swift; sourceTree = "<group>"; };
		34E310D4215B1A1900C3E68E /* exarea.app */ = {isa = PBXFileReference; explicitFileType = wrapper.application; includeInIndex = 0; path = exarea.app; sourceTree = BUILT_PRODUCTS_DIR; };
		34E310D7215B1A1900C3E68E /* AppDelegate.swift */ = {isa = PBXFileReference; lastKnownFileType = sourcecode.swift; path = AppDelegate.swift; sourceTree = "<group>"; };
		34E310D9215B1A1900C3E68E /* LoginViewController.swift */ = {isa = PBXFileReference; lastKnownFileType = sourcecode.swift; path = LoginViewController.swift; sourceTree = "<group>"; };
		34E310DC215B1A1900C3E68E /* Base */ = {isa = PBXFileReference; lastKnownFileType = file.storyboard; name = Base; path = Base.lproj/Main.storyboard; sourceTree = "<group>"; };
		34E310DE215B1A1B00C3E68E /* Assets.xcassets */ = {isa = PBXFileReference; lastKnownFileType = folder.assetcatalog; path = Assets.xcassets; sourceTree = "<group>"; };
		34E310E1215B1A1B00C3E68E /* Base */ = {isa = PBXFileReference; lastKnownFileType = file.storyboard; name = Base; path = Base.lproj/LaunchScreen.storyboard; sourceTree = "<group>"; };
		34E310E3215B1A1B00C3E68E /* Info.plist */ = {isa = PBXFileReference; lastKnownFileType = text.plist.xml; path = Info.plist; sourceTree = "<group>"; };
		34E310EA215B1D3A00C3E68E /* Segoe UI.ttf */ = {isa = PBXFileReference; lastKnownFileType = file; path = "Segoe UI.ttf"; sourceTree = "<group>"; };
		34E310EC215B1E9200C3E68E /* Segoe UI Bold.ttf */ = {isa = PBXFileReference; lastKnownFileType = file; path = "Segoe UI Bold.ttf"; sourceTree = "<group>"; };
		34E310F1215B348F00C3E68E /* Extensions.swift */ = {isa = PBXFileReference; lastKnownFileType = sourcecode.swift; path = Extensions.swift; sourceTree = "<group>"; };
		34E719D02205EC2700ECDBB8 /* Booth.swift */ = {isa = PBXFileReference; lastKnownFileType = sourcecode.swift; path = Booth.swift; sourceTree = "<group>"; };
		34E7DC5321F06F3300D3292C /* MainNavigationController.swift */ = {isa = PBXFileReference; lastKnownFileType = sourcecode.swift; path = MainNavigationController.swift; sourceTree = "<group>"; };
		34E7DC5521F071F900D3292C /* EntryViewController.swift */ = {isa = PBXFileReference; lastKnownFileType = sourcecode.swift; path = EntryViewController.swift; sourceTree = "<group>"; };
		34E7DC5721F0783300D3292C /* MainViewController.swift */ = {isa = PBXFileReference; lastKnownFileType = sourcecode.swift; path = MainViewController.swift; sourceTree = "<group>"; };
		34E7DC5921F086D100D3292C /* PitTabBar.swift */ = {isa = PBXFileReference; lastKnownFileType = sourcecode.swift; path = PitTabBar.swift; sourceTree = "<group>"; };
		34EADB2321F260D6001DFF62 /* HomeViewController.swift */ = {isa = PBXFileReference; lastKnownFileType = sourcecode.swift; path = HomeViewController.swift; sourceTree = "<group>"; };
		34F50B4F2256B5C3001AA8D5 /* Toaster.swift */ = {isa = PBXFileReference; lastKnownFileType = sourcecode.swift; path = Toaster.swift; sourceTree = "<group>"; };
		379F1EA477EF34FCD7F3AC36 /* Pods-exarea.debug.xcconfig */ = {isa = PBXFileReference; includeInIndex = 1; lastKnownFileType = text.xcconfig; name = "Pods-exarea.debug.xcconfig"; path = "Pods/Target Support Files/Pods-exarea/Pods-exarea.debug.xcconfig"; sourceTree = "<group>"; };
		9C7E6D336257AC577BB97EAB /* Pods_exarea.framework */ = {isa = PBXFileReference; explicitFileType = wrapper.framework; includeInIndex = 0; path = Pods_exarea.framework; sourceTree = BUILT_PRODUCTS_DIR; };
		AC81AFB9D035D9F7E82D3B21 /* Pods-exarea.release.xcconfig */ = {isa = PBXFileReference; includeInIndex = 1; lastKnownFileType = text.xcconfig; name = "Pods-exarea.release.xcconfig"; path = "Pods/Target Support Files/Pods-exarea/Pods-exarea.release.xcconfig"; sourceTree = "<group>"; };
/* End PBXFileReference section */

/* Begin PBXFrameworksBuildPhase section */
		34E310D1215B1A1900C3E68E /* Frameworks */ = {
			isa = PBXFrameworksBuildPhase;
			buildActionMask = 2147483647;
			files = (
				343C2120220DDC0C00F4CB0D /* MapKit.framework in Frameworks */,
				24272838AE8B9FB846BD315B /* Pods_exarea.framework in Frameworks */,
			);
			runOnlyForDeploymentPostprocessing = 0;
		};
/* End PBXFrameworksBuildPhase section */

/* Begin PBXGroup section */
		107EE55AF171766D6C0B1C77 /* Pods */ = {
			isa = PBXGroup;
			children = (
				379F1EA477EF34FCD7F3AC36 /* Pods-exarea.debug.xcconfig */,
				AC81AFB9D035D9F7E82D3B21 /* Pods-exarea.release.xcconfig */,
			);
			name = Pods;
			sourceTree = "<group>";
		};
		3411A19B2211775200DBC057 /* IRANSans(FaNum) */ = {
			isa = PBXGroup;
			children = (
				3411A1992211774700DBC057 /* FontLicense.txt */,
				3411A19C22117EA400DBC057 /* IRANSansMobile.ttf */,
				3411A18E2211772D00DBC057 /* IRANSansMobile(FaNum)_Black.ttf */,
				3411A18D2211772C00DBC057 /* IRANSansMobile(FaNum)_Bold.ttf */,
				3411A18F2211772D00DBC057 /* IRANSansMobile(FaNum)_Light.ttf */,
				3411A1912211772D00DBC057 /* IRANSansMobile(FaNum)_Medium.ttf */,
				3411A1902211772D00DBC057 /* IRANSansMobile(FaNum)_UltraLight.ttf */,
				3411A1922211772E00DBC057 /* IRANSansMobile(FaNum).ttf */,
			);
			path = "IRANSans(FaNum)";
			sourceTree = "<group>";
		};
		341247C021E5E76300A34154 /* UITextField+Shake */ = {
			isa = PBXGroup;
			children = (
				341247BD21E5E75B00A34154 /* UITextField+Shake.h */,
				341247BE21E5E75B00A34154 /* UITextField+Shake.m */,
			);
			path = "UITextField+Shake";
			sourceTree = "<group>";
		};
		341247C721E6254600A34154 /* SkyFloatingLabelTextField */ = {
			isa = PBXGroup;
			children = (
				341247C221E6250B00A34154 /* SkyFloatingLabelTextField.swift */,
				341247C321E6250B00A34154 /* SkyFloatingLabelTextFieldWithIcon.swift */,
				341247C121E6250A00A34154 /* UITextField+fixCaretPosition.swift */,
			);
			path = SkyFloatingLabelTextField;
			sourceTree = "<group>";
		};
		341247C821E6257200A34154 /* Helpers */ = {
			isa = PBXGroup;
			children = (
				341247CF21E6288900A34154 /* Configurations.swift */,
				341247D421E62A7400A34154 /* CustomJSONKey.swift */,
				341247D221E629FF00A34154 /* JSONSerializable.swift */,
				341247CD21E6287400A34154 /* Networking.swift */,
				34E310F1215B348F00C3E68E /* Extensions.swift */,
				34F50B4F2256B5C3001AA8D5 /* Toaster.swift */,
				343C211D220DD01F00F4CB0D /* Activities.swift */,
				34E7DC5921F086D100D3292C /* PitTabBar.swift */,
				346C8413215B61E300F43F8C /* PaginationManager.swift */,
				345EED0F2227A5EC00298B97 /* CustomSegues.swift */,
				341E96B721FF970B00D7477B /* Shimmer */,
				341247C721E6254600A34154 /* SkyFloatingLabelTextField */,
				341247C021E5E76300A34154 /* UITextField+Shake */,
			);
			path = Helpers;
			sourceTree = "<group>";
		};
		341247C921E626E800A34154 /* View */ = {
			isa = PBXGroup;
			children = (
				349326412254D18A00686D4E /* Storyboards */,
				349326422254D19500686D4E /* Classes */,
			);
			path = View;
			sourceTree = "<group>";
		};
		341247CA21E626F900A34154 /* Controller */ = {
			isa = PBXGroup;
			children = (
				34E719D32205EF0900ECDBB8 /* Custom */,
				34E719D22205EEF700ECDBB8 /* Login */,
				34A74AA922104DBE007808F1 /* Tab Bar */,
				34A74AA822104D71007808F1 /* Menu */,
				342C403E225223AD00ABBA9F /* AudioRecorderViewController.swift */,
				342C403B225223AD00ABBA9F /* BoothDetailsViewController.swift */,
				342C403D225223AD00ABBA9F /* FileFoldersTableViewController.swift */,
				342C4039225223AD00ABBA9F /* LocalFilesViewController.swift */,
				342C4037225223AC00ABBA9F /* ServerFilesViewController.swift */,
				342C403C225223AD00ABBA9F /* NotePreviewViewController.swift */,
				342C403F225223AD00ABBA9F /* NoteViewController.swift */,
				342C403A225223AD00ABBA9F /* PickerViewController.swift */,
				342C4042225223AE00ABBA9F /* PreviewPopupViewController.swift */,
				342C4038225223AD00ABBA9F /* ProductsViewController.swift */,
				342C4040225223AD00ABBA9F /* SearchViewController.swift */,
				342C4041225223AE00ABBA9F /* TicketingViewController.swift */,
			);
			path = Controller;
			sourceTree = "<group>";
		};
		341247D121E629C300A34154 /* Model */ = {
			isa = PBXGroup;
			children = (
				340CDBAB21FFAB5D00F5C303 /* LoginRequestAndResponseClasses.swift */,
				341247CB21E6271700A34154 /* Account.swift */,
				342A228521F581240057FB5C /* Fair.swift */,
				34E719D02205EC2700ECDBB8 /* Booth.swift */,
				342C402D225132DC00ABBA9F /* BoothFile.swift */,
				342C402B2250A97100ABBA9F /* File.swift */,
				34B59084224ED646004B6E00 /* Note.swift */,
				34B59080224ED241004B6E00 /* Photo.swift */,
				341CE74422106502006D7031 /* Product.swift */,
				34831B6E2230814300D6DCA1 /* BoothAccess.swift */,
			);
			path = Model;
			sourceTree = "<group>";
		};
		341E96B721FF970B00D7477B /* Shimmer */ = {
			isa = PBXGroup;
			children = (
				341E96B821FF971700D7477B /* Shimmer.swift */,
				341E96BA21FF971800D7477B /* ShimmeringLayer.swift */,
				341E96B921FF971700D7477B /* ShimmeringMaskLayer.swift */,
				341E96BB21FF971800D7477B /* ShimmeringView.swift */,
			);
			path = Shimmer;
			sourceTree = "<group>";
		};
		342A228921F5A0630057FB5C /* Fonts */ = {
			isa = PBXGroup;
			children = (
				3411A19B2211775200DBC057 /* IRANSans(FaNum) */,
				34E310EC215B1E9200C3E68E /* Segoe UI Bold.ttf */,
				34E310EA215B1D3A00C3E68E /* Segoe UI.ttf */,
			);
			path = Fonts;
			sourceTree = "<group>";
		};
		349326412254D18A00686D4E /* Storyboards */ = {
			isa = PBXGroup;
			children = (
				342C40332252236000ABBA9F /* Login.storyboard */,
				34E310DB215B1A1900C3E68E /* Main.storyboard */,
				342C4050225226CC00ABBA9F /* Booth.storyboard */,
				34E310E0215B1A1B00C3E68E /* LaunchScreen.storyboard */,
			);
			path = Storyboards;
			sourceTree = "<group>";
		};
		349326422254D19500686D4E /* Classes */ = {
			isa = PBXGroup;
			children = (
				342A228721F588F10057FB5C /* ImageTitledCollectionCell.swift */,
				349326432254D1C100686D4E /* SlideShowHeaderView.swift */,
				345DAFA02252C2A400CB567E /* ServerFileTableViewCell.swift */,
				341470CB223067F200405E51 /* ImagedCollectionViewCell.swift */,
				3493263F2254D14E00686D4E /* ShadowableCollectionCell.swift */,
				343C211B220DB16D00F4CB0D /* ShadowedView.swift */,
				34831B722230A16200D6DCA1 /* ConversationTableViewCell.swift */,
				34831B762230A41600D6DCA1 /* MailTableViewCell.swift */,
				341470C9222FAC5100405E51 /* AudioCollectionViewCell.swift */,
				34B5907E224C1A18004B6E00 /* NoteCollectionViewCell.swift */,
				3493263D2254D12E00686D4E /* ImageTitledTableViewCell.swift */,
			);
			path = Classes;
			sourceTree = "<group>";
		};
		34A74AA822104D71007808F1 /* Menu */ = {
			isa = PBXGroup;
			children = (
				342A228A21F7046B0057FB5C /* MenuTableViewController.swift */,
				342A228C21F706F40057FB5C /* ContactUsViewController.swift */,
				342A228E21F717F70057FB5C /* RulesViewController.swift */,
				34D693DF2254C74F0088C6EC /* AboutUsViewController.swift */,
			);
			path = Menu;
			sourceTree = "<group>";
		};
		34A74AA922104DBE007808F1 /* Tab Bar */ = {
			isa = PBXGroup;
			children = (
				34EADB2321F260D6001DFF62 /* HomeViewController.swift */,
				346C8411215B614900F43F8C /* FavoritesViewController.swift */,
				348816F1220F26B500EC5CC5 /* ProfileViewController.swift */,
				342A229421F72AEB0057FB5C /* BarcodeScannerViewController.swift */,
				34831B6822307E6700D6DCA1 /* ConversationListViewController.swift */,
				34831B742230A2D500D6DCA1 /* ConversationMailsViewController.swift */,
			);
			path = "Tab Bar";
			sourceTree = "<group>";
		};
		34E310CB215B1A1900C3E68E = {
			isa = PBXGroup;
			children = (
				34E310D6215B1A1900C3E68E /* exarea */,
				34E310D5215B1A1900C3E68E /* Products */,
				107EE55AF171766D6C0B1C77 /* Pods */,
				51A5E977942057F5A1EC48C8 /* Frameworks */,
			);
			sourceTree = "<group>";
		};
		34E310D5215B1A1900C3E68E /* Products */ = {
			isa = PBXGroup;
			children = (
				34E310D4215B1A1900C3E68E /* exarea.app */,
			);
			name = Products;
			sourceTree = "<group>";
		};
		34E310D6215B1A1900C3E68E /* exarea */ = {
			isa = PBXGroup;
			children = (
				34E310E3215B1A1B00C3E68E /* Info.plist */,
				34E310E9215B1D1800C3E68E /* Resources */,
				341247C821E6257200A34154 /* Helpers */,
				341247D121E629C300A34154 /* Model */,
				341247CA21E626F900A34154 /* Controller */,
				341247C921E626E800A34154 /* View */,
			);
			path = exarea;
			sourceTree = "<group>";
		};
		34E310E9215B1D1800C3E68E /* Resources */ = {
			isa = PBXGroup;
			children = (
				34E310D7215B1A1900C3E68E /* AppDelegate.swift */,
				34D693D92254C1520088C6EC /* Rules.rtf */,
				34D693DD2254C72C0088C6EC /* About.rtf */,
				342A72152205AF56003ACE36 /* exarea-Bridging-Header.h */,
				342A228921F5A0630057FB5C /* Fonts */,
				34E310DE215B1A1B00C3E68E /* Assets.xcassets */,
			);
			path = Resources;
			sourceTree = "<group>";
		};
		34E719D22205EEF700ECDBB8 /* Login */ = {
			isa = PBXGroup;
			children = (
				340CDBA921FF999E00F5C303 /* SplashViewController.swift */,
				34E7DC5521F071F900D3292C /* EntryViewController.swift */,
				34E310D9215B1A1900C3E68E /* LoginViewController.swift */,
				341E96B521FF622F00D7477B /* ActivateViewController.swift */,
			);
			path = Login;
			sourceTree = "<group>";
		};
		34E719D32205EF0900ECDBB8 /* Custom */ = {
			isa = PBXGroup;
			children = (
				34E7DC5321F06F3300D3292C /* MainNavigationController.swift */,
				348816F3220F4FF600EC5CC5 /* EmbededViewController.swift */,
				34E7DC5721F0783300D3292C /* MainViewController.swift */,
			);
			path = Custom;
			sourceTree = "<group>";
		};
		51A5E977942057F5A1EC48C8 /* Frameworks */ = {
			isa = PBXGroup;
			children = (
				343C211F220DDC0C00F4CB0D /* MapKit.framework */,
				9C7E6D336257AC577BB97EAB /* Pods_exarea.framework */,
			);
			name = Frameworks;
			sourceTree = "<group>";
		};
/* End PBXGroup section */

/* Begin PBXNativeTarget section */
		34E310D3215B1A1900C3E68E /* exarea */ = {
			isa = PBXNativeTarget;
			buildConfigurationList = 34E310E6215B1A1B00C3E68E /* Build configuration list for PBXNativeTarget "exarea" */;
			buildPhases = (
				14552926F9C19E07C9871BF4 /* [CP] Check Pods Manifest.lock */,
				34E310D0215B1A1900C3E68E /* Sources */,
				34E310D1215B1A1900C3E68E /* Frameworks */,
				34E310D2215B1A1900C3E68E /* Resources */,
				B099EA2E5CBAB35B6CE615E4 /* [CP] Embed Pods Frameworks */,
			);
			buildRules = (
			);
			dependencies = (
			);
			name = exarea;
			productName = exarea;
			productReference = 34E310D4215B1A1900C3E68E /* exarea.app */;
			productType = "com.apple.product-type.application";
		};
/* End PBXNativeTarget section */

/* Begin PBXProject section */
		34E310CC215B1A1900C3E68E /* Project object */ = {
			isa = PBXProject;
			attributes = {
				LastSwiftUpdateCheck = 1000;
				LastUpgradeCheck = 1000;
				ORGANIZATIONNAME = tamtom;
				TargetAttributes = {
					34E310D3215B1A1900C3E68E = {
						CreatedOnToolsVersion = 10.0;
						LastSwiftMigration = 1010;
						SystemCapabilities = {
							com.apple.Maps.iOS = {
								enabled = 1;
							};
						};
					};
				};
			};
			buildConfigurationList = 34E310CF215B1A1900C3E68E /* Build configuration list for PBXProject "exarea" */;
			compatibilityVersion = "Xcode 9.3";
			developmentRegion = en;
			hasScannedForEncodings = 0;
			knownRegions = (
				en,
				Base,
			);
			mainGroup = 34E310CB215B1A1900C3E68E;
			productRefGroup = 34E310D5215B1A1900C3E68E /* Products */;
			projectDirPath = "";
			projectRoot = "";
			targets = (
				34E310D3215B1A1900C3E68E /* exarea */,
			);
		};
/* End PBXProject section */

/* Begin PBXResourcesBuildPhase section */
		34E310D2215B1A1900C3E68E /* Resources */ = {
			isa = PBXResourcesBuildPhase;
			buildActionMask = 2147483647;
			files = (
				342C40362252236000ABBA9F /* Login.storyboard in Resources */,
				3411A1932211772E00DBC057 /* IRANSansMobile(FaNum)_Bold.ttf in Resources */,
				34E310E2215B1A1B00C3E68E /* LaunchScreen.storyboard in Resources */,
				3411A1942211772E00DBC057 /* IRANSansMobile(FaNum)_Black.ttf in Resources */,
				34D693DE2254C72D0088C6EC /* About.rtf in Resources */,
				34D693DA2254C1520088C6EC /* Rules.rtf in Resources */,
				3411A1972211772E00DBC057 /* IRANSansMobile(FaNum)_Medium.ttf in Resources */,
				342C4052225226CC00ABBA9F /* Booth.storyboard in Resources */,
				34E310ED215B1E9200C3E68E /* Segoe UI Bold.ttf in Resources */,
				3411A19A2211774700DBC057 /* FontLicense.txt in Resources */,
				34E310EB215B1D3A00C3E68E /* Segoe UI.ttf in Resources */,
				3411A1982211772E00DBC057 /* IRANSansMobile(FaNum).ttf in Resources */,
				34E310DF215B1A1B00C3E68E /* Assets.xcassets in Resources */,
				34E310DD215B1A1900C3E68E /* Main.storyboard in Resources */,
				3411A1952211772E00DBC057 /* IRANSansMobile(FaNum)_Light.ttf in Resources */,
				3411A1962211772E00DBC057 /* IRANSansMobile(FaNum)_UltraLight.ttf in Resources */,
				3411A19D22117EA500DBC057 /* IRANSansMobile.ttf in Resources */,
			);
			runOnlyForDeploymentPostprocessing = 0;
		};
/* End PBXResourcesBuildPhase section */

/* Begin PBXShellScriptBuildPhase section */
		14552926F9C19E07C9871BF4 /* [CP] Check Pods Manifest.lock */ = {
			isa = PBXShellScriptBuildPhase;
			buildActionMask = 2147483647;
			files = (
			);
			inputFileListPaths = (
			);
			inputPaths = (
				"${PODS_PODFILE_DIR_PATH}/Podfile.lock",
				"${PODS_ROOT}/Manifest.lock",
			);
			name = "[CP] Check Pods Manifest.lock";
			outputFileListPaths = (
			);
			outputPaths = (
				"$(DERIVED_FILE_DIR)/Pods-exarea-checkManifestLockResult.txt",
			);
			runOnlyForDeploymentPostprocessing = 0;
			shellPath = /bin/sh;
			shellScript = "diff \"${PODS_PODFILE_DIR_PATH}/Podfile.lock\" \"${PODS_ROOT}/Manifest.lock\" > /dev/null\nif [ $? != 0 ] ; then\n    # print error to STDERR\n    echo \"error: The sandbox is not in sync with the Podfile.lock. Run 'pod install' or update your CocoaPods installation.\" >&2\n    exit 1\nfi\n# This output is used by Xcode 'outputs' to avoid re-running this script phase.\necho \"SUCCESS\" > \"${SCRIPT_OUTPUT_FILE_0}\"\n";
			showEnvVarsInLog = 0;
		};
		B099EA2E5CBAB35B6CE615E4 /* [CP] Embed Pods Frameworks */ = {
			isa = PBXShellScriptBuildPhase;
			buildActionMask = 2147483647;
			files = (
			);
			inputFileListPaths = (
			);
			inputPaths = (
				"${PODS_ROOT}/Target Support Files/Pods-exarea/Pods-exarea-frameworks.sh",
				"${BUILT_PRODUCTS_DIR}/Alamofire/Alamofire.framework",
				"${BUILT_PRODUCTS_DIR}/Cosmos/Cosmos.framework",
				"${BUILT_PRODUCTS_DIR}/Floaty/Floaty.framework",
				"${BUILT_PRODUCTS_DIR}/GrowingTextView/GrowingTextView.framework",
				"${BUILT_PRODUCTS_DIR}/IQKeyboardManagerSwift/IQKeyboardManagerSwift.framework",
				"${BUILT_PRODUCTS_DIR}/ImageSlideshow/ImageSlideshow.framework",
				"${BUILT_PRODUCTS_DIR}/KeychainAccess/KeychainAccess.framework",
				"${BUILT_PRODUCTS_DIR}/Kingfisher/Kingfisher.framework",
				"${BUILT_PRODUCTS_DIR}/NVActivityIndicatorView/NVActivityIndicatorView.framework",
				"${BUILT_PRODUCTS_DIR}/SideMenu/SideMenu.framework",
				"${BUILT_PRODUCTS_DIR}/SwiftMessages/SwiftMessages.framework",
				"${BUILT_PRODUCTS_DIR}/SwiftyJSON/SwiftyJSON.framework",
				"${BUILT_PRODUCTS_DIR}/UITextView+Placeholder/UITextView_Placeholder.framework",
			);
			name = "[CP] Embed Pods Frameworks";
			outputFileListPaths = (
			);
			outputPaths = (
				"${TARGET_BUILD_DIR}/${FRAMEWORKS_FOLDER_PATH}/Alamofire.framework",
				"${TARGET_BUILD_DIR}/${FRAMEWORKS_FOLDER_PATH}/Cosmos.framework",
				"${TARGET_BUILD_DIR}/${FRAMEWORKS_FOLDER_PATH}/Floaty.framework",
				"${TARGET_BUILD_DIR}/${FRAMEWORKS_FOLDER_PATH}/GrowingTextView.framework",
				"${TARGET_BUILD_DIR}/${FRAMEWORKS_FOLDER_PATH}/IQKeyboardManagerSwift.framework",
				"${TARGET_BUILD_DIR}/${FRAMEWORKS_FOLDER_PATH}/ImageSlideshow.framework",
				"${TARGET_BUILD_DIR}/${FRAMEWORKS_FOLDER_PATH}/KeychainAccess.framework",
				"${TARGET_BUILD_DIR}/${FRAMEWORKS_FOLDER_PATH}/Kingfisher.framework",
				"${TARGET_BUILD_DIR}/${FRAMEWORKS_FOLDER_PATH}/NVActivityIndicatorView.framework",
				"${TARGET_BUILD_DIR}/${FRAMEWORKS_FOLDER_PATH}/SideMenu.framework",
				"${TARGET_BUILD_DIR}/${FRAMEWORKS_FOLDER_PATH}/SwiftMessages.framework",
				"${TARGET_BUILD_DIR}/${FRAMEWORKS_FOLDER_PATH}/SwiftyJSON.framework",
				"${TARGET_BUILD_DIR}/${FRAMEWORKS_FOLDER_PATH}/UITextView_Placeholder.framework",
			);
			runOnlyForDeploymentPostprocessing = 0;
			shellPath = /bin/sh;
			shellScript = "\"${PODS_ROOT}/Target Support Files/Pods-exarea/Pods-exarea-frameworks.sh\"\n";
			showEnvVarsInLog = 0;
		};
/* End PBXShellScriptBuildPhase section */

/* Begin PBXSourcesBuildPhase section */
		34E310D0215B1A1900C3E68E /* Sources */ = {
			isa = PBXSourcesBuildPhase;
			buildActionMask = 2147483647;
			files = (
				342C404C225223AE00ABBA9F /* SearchViewController.swift in Sources */,
				341470CC223067F200405E51 /* ImagedCollectionViewCell.swift in Sources */,
				342C4049225223AE00ABBA9F /* FileFoldersTableViewController.swift in Sources */,
				341247C421E6250C00A34154 /* UITextField+fixCaretPosition.swift in Sources */,
				341E96BF21FF971800D7477B /* ShimmeringView.swift in Sources */,
				341247CE21E6287400A34154 /* Networking.swift in Sources */,
				342A228B21F7046B0057FB5C /* MenuTableViewController.swift in Sources */,
				34EADB2421F260D6001DFF62 /* HomeViewController.swift in Sources */,
				342C4045225223AE00ABBA9F /* LocalFilesViewController.swift in Sources */,
				341247D021E6288900A34154 /* Configurations.swift in Sources */,
				342C4043225223AE00ABBA9F /* ServerFilesViewController.swift in Sources */,
				343C211E220DD01F00F4CB0D /* Activities.swift in Sources */,
				342C404A225223AE00ABBA9F /* AudioRecorderViewController.swift in Sources */,
				34B5907F224C1A18004B6E00 /* NoteCollectionViewCell.swift in Sources */,
				341247C621E6250C00A34154 /* SkyFloatingLabelTextFieldWithIcon.swift in Sources */,
				34E310DA215B1A1900C3E68E /* LoginViewController.swift in Sources */,
				34E7DC5621F071F900D3292C /* EntryViewController.swift in Sources */,
				342A228821F588F10057FB5C /* ImageTitledCollectionCell.swift in Sources */,
				342A228621F581240057FB5C /* Fair.swift in Sources */,
				34E310F2215B348F00C3E68E /* Extensions.swift in Sources */,
				34F50B502256B5C3001AA8D5 /* Toaster.swift in Sources */,
				342C402E225132DC00ABBA9F /* BoothFile.swift in Sources */,
				34E7DC5821F0783300D3292C /* MainViewController.swift in Sources */,
				343C211C220DB16D00F4CB0D /* ShadowedView.swift in Sources */,
				34B59085224ED646004B6E00 /* Note.swift in Sources */,
				342C4048225223AE00ABBA9F /* NotePreviewViewController.swift in Sources */,
				342C404D225223AE00ABBA9F /* TicketingViewController.swift in Sources */,
				34831B772230A41600D6DCA1 /* MailTableViewCell.swift in Sources */,
				341E96BE21FF971800D7477B /* ShimmeringLayer.swift in Sources */,
				341CE74522106502006D7031 /* Product.swift in Sources */,
				34B59081224ED241004B6E00 /* Photo.swift in Sources */,
				342C404B225223AE00ABBA9F /* NoteViewController.swift in Sources */,
				342A228D21F706F40057FB5C /* ContactUsViewController.swift in Sources */,
				34831B732230A16200D6DCA1 /* ConversationTableViewCell.swift in Sources */,
				340CDBAC21FFAB5D00F5C303 /* LoginRequestAndResponseClasses.swift in Sources */,
				341E96B621FF622F00D7477B /* ActivateViewController.swift in Sources */,
				34831B752230A2D500D6DCA1 /* ConversationMailsViewController.swift in Sources */,
				34E7DC5421F06F3300D3292C /* MainNavigationController.swift in Sources */,
				342C4044225223AE00ABBA9F /* ProductsViewController.swift in Sources */,
				342C4047225223AE00ABBA9F /* BoothDetailsViewController.swift in Sources */,
				341247BF21E5E75B00A34154 /* UITextField+Shake.m in Sources */,
				34D693E02254C74F0088C6EC /* AboutUsViewController.swift in Sources */,
				341247D321E629FF00A34154 /* JSONSerializable.swift in Sources */,
				348816F4220F4FF600EC5CC5 /* EmbededViewController.swift in Sources */,
				346C8414215B61E300F43F8C /* PaginationManager.swift in Sources */,
				342C402C2250A97100ABBA9F /* File.swift in Sources */,
				34831B6922307E6700D6DCA1 /* ConversationListViewController.swift in Sources */,
				342C404E225223AE00ABBA9F /* PreviewPopupViewController.swift in Sources */,
				346C8412215B614900F43F8C /* FavoritesViewController.swift in Sources */,
				34E7DC5A21F086D100D3292C /* PitTabBar.swift in Sources */,
				349326402254D14E00686D4E /* ShadowableCollectionCell.swift in Sources */,
				3493263E2254D12E00686D4E /* ImageTitledTableViewCell.swift in Sources */,
				342C4046225223AE00ABBA9F /* PickerViewController.swift in Sources */,
				345EED102227A5EC00298B97 /* CustomSegues.swift in Sources */,
				345DAFA12252C2A400CB567E /* ServerFileTableViewCell.swift in Sources */,
				341E96BD21FF971800D7477B /* ShimmeringMaskLayer.swift in Sources */,
				341470CA222FAC5100405E51 /* AudioCollectionViewCell.swift in Sources */,
				34E719D12205EC2700ECDBB8 /* Booth.swift in Sources */,
				341247C521E6250C00A34154 /* SkyFloatingLabelTextField.swift in Sources */,
				34831B6F2230814300D6DCA1 /* BoothAccess.swift in Sources */,
				341247CC21E6271700A34154 /* Account.swift in Sources */,
				341E96BC21FF971800D7477B /* Shimmer.swift in Sources */,
				340CDBAA21FF999E00F5C303 /* SplashViewController.swift in Sources */,
				349326442254D1C100686D4E /* SlideShowHeaderView.swift in Sources */,
				341247D521E62A7400A34154 /* CustomJSONKey.swift in Sources */,
				342A229521F72AEB0057FB5C /* BarcodeScannerViewController.swift in Sources */,
				348816F2220F26B500EC5CC5 /* ProfileViewController.swift in Sources */,
				342A228F21F717F70057FB5C /* RulesViewController.swift in Sources */,
				34E310D8215B1A1900C3E68E /* AppDelegate.swift in Sources */,
			);
			runOnlyForDeploymentPostprocessing = 0;
		};
/* End PBXSourcesBuildPhase section */

/* Begin PBXVariantGroup section */
		342C40332252236000ABBA9F /* Login.storyboard */ = {
			isa = PBXVariantGroup;
			children = (
				342C40342252236000ABBA9F /* Base */,
			);
			name = Login.storyboard;
			sourceTree = "<group>";
		};
		342C4050225226CC00ABBA9F /* Booth.storyboard */ = {
			isa = PBXVariantGroup;
			children = (
				342C4051225226CC00ABBA9F /* Base */,
			);
			name = Booth.storyboard;
			sourceTree = "<group>";
		};
		34E310DB215B1A1900C3E68E /* Main.storyboard */ = {
			isa = PBXVariantGroup;
			children = (
				34E310DC215B1A1900C3E68E /* Base */,
			);
			name = Main.storyboard;
			sourceTree = "<group>";
		};
		34E310E0215B1A1B00C3E68E /* LaunchScreen.storyboard */ = {
			isa = PBXVariantGroup;
			children = (
				34E310E1215B1A1B00C3E68E /* Base */,
			);
			name = LaunchScreen.storyboard;
			sourceTree = "<group>";
		};
/* End PBXVariantGroup section */

/* Begin XCBuildConfiguration section */
		34E310E4215B1A1B00C3E68E /* Debug */ = {
			isa = XCBuildConfiguration;
			buildSettings = {
				ALWAYS_SEARCH_USER_PATHS = NO;
				CLANG_ANALYZER_NONNULL = YES;
				CLANG_ANALYZER_NUMBER_OBJECT_CONVERSION = YES_AGGRESSIVE;
				CLANG_CXX_LANGUAGE_STANDARD = "gnu++14";
				CLANG_CXX_LIBRARY = "libc++";
				CLANG_ENABLE_MODULES = YES;
				CLANG_ENABLE_OBJC_ARC = YES;
				CLANG_ENABLE_OBJC_WEAK = YES;
				CLANG_WARN_BLOCK_CAPTURE_AUTORELEASING = YES;
				CLANG_WARN_BOOL_CONVERSION = YES;
				CLANG_WARN_COMMA = YES;
				CLANG_WARN_CONSTANT_CONVERSION = YES;
				CLANG_WARN_DEPRECATED_OBJC_IMPLEMENTATIONS = YES;
				CLANG_WARN_DIRECT_OBJC_ISA_USAGE = YES_ERROR;
				CLANG_WARN_DOCUMENTATION_COMMENTS = YES;
				CLANG_WARN_EMPTY_BODY = YES;
				CLANG_WARN_ENUM_CONVERSION = YES;
				CLANG_WARN_INFINITE_RECURSION = YES;
				CLANG_WARN_INT_CONVERSION = YES;
				CLANG_WARN_NON_LITERAL_NULL_CONVERSION = YES;
				CLANG_WARN_OBJC_IMPLICIT_RETAIN_SELF = YES;
				CLANG_WARN_OBJC_LITERAL_CONVERSION = YES;
				CLANG_WARN_OBJC_ROOT_CLASS = YES_ERROR;
				CLANG_WARN_RANGE_LOOP_ANALYSIS = YES;
				CLANG_WARN_STRICT_PROTOTYPES = YES;
				CLANG_WARN_SUSPICIOUS_MOVE = YES;
				CLANG_WARN_UNGUARDED_AVAILABILITY = YES_AGGRESSIVE;
				CLANG_WARN_UNREACHABLE_CODE = YES;
				CLANG_WARN__DUPLICATE_METHOD_MATCH = YES;
				CODE_SIGN_IDENTITY = "iPhone Developer";
				COPY_PHASE_STRIP = NO;
				DEBUG_INFORMATION_FORMAT = dwarf;
				ENABLE_STRICT_OBJC_MSGSEND = YES;
				ENABLE_TESTABILITY = YES;
				GCC_C_LANGUAGE_STANDARD = gnu11;
				GCC_DYNAMIC_NO_PIC = NO;
				GCC_NO_COMMON_BLOCKS = YES;
				GCC_OPTIMIZATION_LEVEL = 0;
				GCC_PREPROCESSOR_DEFINITIONS = (
					"DEBUG=1",
					"$(inherited)",
				);
				GCC_WARN_64_TO_32_BIT_CONVERSION = YES;
				GCC_WARN_ABOUT_RETURN_TYPE = YES_ERROR;
				GCC_WARN_UNDECLARED_SELECTOR = YES;
				GCC_WARN_UNINITIALIZED_AUTOS = YES_AGGRESSIVE;
				GCC_WARN_UNUSED_FUNCTION = YES;
				GCC_WARN_UNUSED_VARIABLE = YES;
				IPHONEOS_DEPLOYMENT_TARGET = 12.0;
				MTL_ENABLE_DEBUG_INFO = INCLUDE_SOURCE;
				MTL_FAST_MATH = YES;
				ONLY_ACTIVE_ARCH = YES;
				SDKROOT = iphoneos;
				SWIFT_ACTIVE_COMPILATION_CONDITIONS = DEBUG;
				SWIFT_OPTIMIZATION_LEVEL = "-Onone";
			};
			name = Debug;
		};
		34E310E5215B1A1B00C3E68E /* Release */ = {
			isa = XCBuildConfiguration;
			buildSettings = {
				ALWAYS_SEARCH_USER_PATHS = NO;
				CLANG_ANALYZER_NONNULL = YES;
				CLANG_ANALYZER_NUMBER_OBJECT_CONVERSION = YES_AGGRESSIVE;
				CLANG_CXX_LANGUAGE_STANDARD = "gnu++14";
				CLANG_CXX_LIBRARY = "libc++";
				CLANG_ENABLE_MODULES = YES;
				CLANG_ENABLE_OBJC_ARC = YES;
				CLANG_ENABLE_OBJC_WEAK = YES;
				CLANG_WARN_BLOCK_CAPTURE_AUTORELEASING = YES;
				CLANG_WARN_BOOL_CONVERSION = YES;
				CLANG_WARN_COMMA = YES;
				CLANG_WARN_CONSTANT_CONVERSION = YES;
				CLANG_WARN_DEPRECATED_OBJC_IMPLEMENTATIONS = YES;
				CLANG_WARN_DIRECT_OBJC_ISA_USAGE = YES_ERROR;
				CLANG_WARN_DOCUMENTATION_COMMENTS = YES;
				CLANG_WARN_EMPTY_BODY = YES;
				CLANG_WARN_ENUM_CONVERSION = YES;
				CLANG_WARN_INFINITE_RECURSION = YES;
				CLANG_WARN_INT_CONVERSION = YES;
				CLANG_WARN_NON_LITERAL_NULL_CONVERSION = YES;
				CLANG_WARN_OBJC_IMPLICIT_RETAIN_SELF = YES;
				CLANG_WARN_OBJC_LITERAL_CONVERSION = YES;
				CLANG_WARN_OBJC_ROOT_CLASS = YES_ERROR;
				CLANG_WARN_RANGE_LOOP_ANALYSIS = YES;
				CLANG_WARN_STRICT_PROTOTYPES = YES;
				CLANG_WARN_SUSPICIOUS_MOVE = YES;
				CLANG_WARN_UNGUARDED_AVAILABILITY = YES_AGGRESSIVE;
				CLANG_WARN_UNREACHABLE_CODE = YES;
				CLANG_WARN__DUPLICATE_METHOD_MATCH = YES;
				CODE_SIGN_IDENTITY = "iPhone Developer";
				COPY_PHASE_STRIP = NO;
				DEBUG_INFORMATION_FORMAT = "dwarf-with-dsym";
				ENABLE_NS_ASSERTIONS = NO;
				ENABLE_STRICT_OBJC_MSGSEND = YES;
				GCC_C_LANGUAGE_STANDARD = gnu11;
				GCC_NO_COMMON_BLOCKS = YES;
				GCC_WARN_64_TO_32_BIT_CONVERSION = YES;
				GCC_WARN_ABOUT_RETURN_TYPE = YES_ERROR;
				GCC_WARN_UNDECLARED_SELECTOR = YES;
				GCC_WARN_UNINITIALIZED_AUTOS = YES_AGGRESSIVE;
				GCC_WARN_UNUSED_FUNCTION = YES;
				GCC_WARN_UNUSED_VARIABLE = YES;
				IPHONEOS_DEPLOYMENT_TARGET = 12.0;
				MTL_ENABLE_DEBUG_INFO = NO;
				MTL_FAST_MATH = YES;
				SDKROOT = iphoneos;
				SWIFT_COMPILATION_MODE = wholemodule;
				SWIFT_OPTIMIZATION_LEVEL = "-O";
				VALIDATE_PRODUCT = YES;
			};
			name = Release;
		};
		34E310E7215B1A1B00C3E68E /* Debug */ = {
			isa = XCBuildConfiguration;
			baseConfigurationReference = 379F1EA477EF34FCD7F3AC36 /* Pods-exarea.debug.xcconfig */;
			buildSettings = {
				ASSETCATALOG_COMPILER_APPICON_NAME = AppIcon;
				CLANG_ENABLE_MODULES = YES;
				CODE_SIGN_IDENTITY = "iPhone Developer";
				CODE_SIGN_STYLE = Manual;
				DEVELOPMENT_TEAM = MPD5DLY7SV;
				INFOPLIST_FILE = exarea/Info.plist;
				IPHONEOS_DEPLOYMENT_TARGET = 9.0;
				LD_RUNPATH_SEARCH_PATHS = (
					"$(inherited)",
					"@executable_path/Frameworks",
				);
				PRODUCT_BUNDLE_IDENTIFIER = com.viratejarat.exarea;
				PRODUCT_NAME = "$(TARGET_NAME)";
				PROVISIONING_PROFILE_SPECIFIER = "ALI GOLSHANI";
				SWIFT_OBJC_BRIDGING_HEADER = "exarea/Resources/exarea-Bridging-Header.h";
				SWIFT_OPTIMIZATION_LEVEL = "-Onone";
				SWIFT_VERSION = 4.2;
				TARGETED_DEVICE_FAMILY = "1,2";
			};
			name = Debug;
		};
		34E310E8215B1A1B00C3E68E /* Release */ = {
			isa = XCBuildConfiguration;
			baseConfigurationReference = AC81AFB9D035D9F7E82D3B21 /* Pods-exarea.release.xcconfig */;
			buildSettings = {
				ASSETCATALOG_COMPILER_APPICON_NAME = AppIcon;
				CLANG_ENABLE_MODULES = YES;
				CODE_SIGN_IDENTITY = "iPhone Developer";
				CODE_SIGN_STYLE = Manual;
				DEVELOPMENT_TEAM = MPD5DLY7SV;
				INFOPLIST_FILE = exarea/Info.plist;
				IPHONEOS_DEPLOYMENT_TARGET = 9.0;
				LD_RUNPATH_SEARCH_PATHS = (
					"$(inherited)",
					"@executable_path/Frameworks",
				);
				PRODUCT_BUNDLE_IDENTIFIER = com.viratejarat.exarea;
				PRODUCT_NAME = "$(TARGET_NAME)";
				PROVISIONING_PROFILE_SPECIFIER = "ALI GOLSHANI";
				SWIFT_OBJC_BRIDGING_HEADER = "exarea/Resources/exarea-Bridging-Header.h";
				SWIFT_VERSION = 4.2;
				TARGETED_DEVICE_FAMILY = "1,2";
			};
			name = Release;
		};
/* End XCBuildConfiguration section */

/* Begin XCConfigurationList section */
		34E310CF215B1A1900C3E68E /* Build configuration list for PBXProject "exarea" */ = {
			isa = XCConfigurationList;
			buildConfigurations = (
				34E310E4215B1A1B00C3E68E /* Debug */,
				34E310E5215B1A1B00C3E68E /* Release */,
			);
			defaultConfigurationIsVisible = 0;
			defaultConfigurationName = Release;
		};
		34E310E6215B1A1B00C3E68E /* Build configuration list for PBXNativeTarget "exarea" */ = {
			isa = XCConfigurationList;
			buildConfigurations = (
				34E310E7215B1A1B00C3E68E /* Debug */,
				34E310E8215B1A1B00C3E68E /* Release */,
			);
			defaultConfigurationIsVisible = 0;
			defaultConfigurationName = Release;
		};
/* End XCConfigurationList section */
	};
	rootObject = 34E310CC215B1A1900C3E68E /* Project object */;
}
